// !$*UTF8*$!
{
	archiveVersion = 1;
	classes = {
	};
	objectVersion = 46;
	objects = {

/* Begin PBXBuildFile section */
		460207BC1FA0F24600446E7A /* APIRequestPromotion.swift in Sources */ = {isa = PBXBuildFile; fileRef = 460207BB1FA0F24600446E7A /* APIRequestPromotion.swift */; };
		460207BE1FA0F45000446E7A /* APIRequestPaiement.swift in Sources */ = {isa = PBXBuildFile; fileRef = 460207BD1FA0F45000446E7A /* APIRequestPaiement.swift */; };
		460207C01FA0FD3E00446E7A /* AssetPaiment.xcassets in Resources */ = {isa = PBXBuildFile; fileRef = 460207BF1FA0FD3E00446E7A /* AssetPaiment.xcassets */; };
		460207C21FA1010300446E7A /* loadingIndicator.swift in Sources */ = {isa = PBXBuildFile; fileRef = 460207C11FA1010300446E7A /* loadingIndicator.swift */; };
		46047E6A1F93F9040000246C /* LoginV2.storyboard in Resources */ = {isa = PBXBuildFile; fileRef = 46047E691F93F9040000246C /* LoginV2.storyboard */; };
		46047E6C1F93F98E0000246C /* MainPageLoginV2.swift in Sources */ = {isa = PBXBuildFile; fileRef = 46047E6B1F93F98E0000246C /* MainPageLoginV2.swift */; };
		46047E6E1F93FB6A0000246C /* AssetLoginV2.xcassets in Resources */ = {isa = PBXBuildFile; fileRef = 46047E6D1F93FB6A0000246C /* AssetLoginV2.xcassets */; };
		4606448F1F573FE800BD08E5 /* LoginViewController.swift in Sources */ = {isa = PBXBuildFile; fileRef = 4606448E1F573FE800BD08E5 /* LoginViewController.swift */; };
		460644911F57407000BD08E5 /* Login-SignUp.storyboard in Resources */ = {isa = PBXBuildFile; fileRef = 460644901F57407000BD08E5 /* Login-SignUp.storyboard */; };
		460644961F57410D00BD08E5 /* Utility.swift in Sources */ = {isa = PBXBuildFile; fileRef = 460644951F57410D00BD08E5 /* Utility.swift */; };
		460644981F57412300BD08E5 /* ImageLogin-SignUp.xcassets in Resources */ = {isa = PBXBuildFile; fileRef = 460644971F57412300BD08E5 /* ImageLogin-SignUp.xcassets */; };
		460644C01F57801700BD08E5 /* SignUp1.swift in Sources */ = {isa = PBXBuildFile; fileRef = 460644BF1F57801700BD08E5 /* SignUp1.swift */; };
		460644C21F579A6500BD08E5 /* navController.swift in Sources */ = {isa = PBXBuildFile; fileRef = 460644C11F579A6500BD08E5 /* navController.swift */; };
		460B121E1F912D1600A79A62 /* Commande.swift in Sources */ = {isa = PBXBuildFile; fileRef = 460B121D1F912D1600A79A62 /* Commande.swift */; };
		460B12221F91311100A79A62 /* style.json in Resources */ = {isa = PBXBuildFile; fileRef = 460B12211F91311100A79A62 /* style.json */; };
		460B12291F93F4DC00A79A62 /* Credits.storyboard in Resources */ = {isa = PBXBuildFile; fileRef = 460B12281F93F4DC00A79A62 /* Credits.storyboard */; };
		460B122B1F93F51100A79A62 /* MainPagePaiement.swift in Sources */ = {isa = PBXBuildFile; fileRef = 460B122A1F93F51100A79A62 /* MainPagePaiement.swift */; };
		460D5BCC1F702B4600245F27 /* Menu.xcassets in Resources */ = {isa = PBXBuildFile; fileRef = 460D5BCB1F702B4600245F27 /* Menu.xcassets */; };
		460D5BCE1F702B8F00245F27 /* MenuClass.swift in Sources */ = {isa = PBXBuildFile; fileRef = 460D5BCD1F702B8F00245F27 /* MenuClass.swift */; };
		460F02831FC9FBF3007EFF93 /* GradialColors.swift in Sources */ = {isa = PBXBuildFile; fileRef = 460F02821FC9FBF3007EFF93 /* GradialColors.swift */; };
		460F7B901F83EE530043B7E8 /* userCard.swift in Sources */ = {isa = PBXBuildFile; fileRef = 460F7B8F1F83EE530043B7E8 /* userCard.swift */; };
		461232A91F782F0D00D04E30 /* PatisserieMain.swift in Sources */ = {isa = PBXBuildFile; fileRef = 461232A81F782F0D00D04E30 /* PatisserieMain.swift */; };
		461232AB1F782F1A00D04E30 /* BrevageMain.swift in Sources */ = {isa = PBXBuildFile; fileRef = 461232AA1F782F1A00D04E30 /* BrevageMain.swift */; };
		461232AF1F78310400D04E30 /* CartCommmande.swift in Sources */ = {isa = PBXBuildFile; fileRef = 461232AE1F78310400D04E30 /* CartCommmande.swift */; };
		461A89961FB368480008AA5C /* Prices.swift in Sources */ = {isa = PBXBuildFile; fileRef = 461A89951FB368480008AA5C /* Prices.swift */; };
		461D362C1FBCADBE004C2F54 /* ModifyProfile.swift in Sources */ = {isa = PBXBuildFile; fileRef = 461D362B1FBCADBE004C2F54 /* ModifyProfile.swift */; };
		461D362E1FBCB409004C2F54 /* RateMyApp.swift in Sources */ = {isa = PBXBuildFile; fileRef = 461D362D1FBCB409004C2F54 /* RateMyApp.swift */; };
		461D36301FBCB413004C2F54 /* TermsAndCondition.swift in Sources */ = {isa = PBXBuildFile; fileRef = 461D362F1FBCB413004C2F54 /* TermsAndCondition.swift */; };
		46206D8E1F6AE92300D2BE60 /* Dashboard.xcassets in Resources */ = {isa = PBXBuildFile; fileRef = 46206D8D1F6AE92300D2BE60 /* Dashboard.xcassets */; };
		462CF6DD1F604E1500326426 /* APIRequestLogin.swift in Sources */ = {isa = PBXBuildFile; fileRef = 462CF6DC1F604E1500326426 /* APIRequestLogin.swift */; };
		462CF6F01F60514B00326426 /* User.swift in Sources */ = {isa = PBXBuildFile; fileRef = 462CF6EF1F60514B00326426 /* User.swift */; };
		462CF6F21F60546C00326426 /* Global.swift in Sources */ = {isa = PBXBuildFile; fileRef = 462CF6F11F60546C00326426 /* Global.swift */; };
		46344BDE1F7BDC1500A85389 /* DoneCommandRed.swift in Sources */ = {isa = PBXBuildFile; fileRef = 46344BDD1F7BDC1500A85389 /* DoneCommandRed.swift */; };
		46344BE01F7BE18D00A85389 /* DoneCommandGreen.swift in Sources */ = {isa = PBXBuildFile; fileRef = 46344BDF1F7BE18D00A85389 /* DoneCommandGreen.swift */; };
		4639D7431F851C65008DAFF3 /* LoadingAnimation.swift in Sources */ = {isa = PBXBuildFile; fileRef = 4639D7421F851C65008DAFF3 /* LoadingAnimation.swift */; };
		463D04F51FC5CB44009DB9CB /* SignUpV2_1.swift in Sources */ = {isa = PBXBuildFile; fileRef = 463D04F41FC5CB44009DB9CB /* SignUpV2_1.swift */; };
		463D04F71FC5CFB1009DB9CB /* SignUpV2_2.swift in Sources */ = {isa = PBXBuildFile; fileRef = 463D04F61FC5CFB1009DB9CB /* SignUpV2_2.swift */; };
		463D04F91FC5DCEC009DB9CB /* ChooseCardLoginV2.swift in Sources */ = {isa = PBXBuildFile; fileRef = 463D04F81FC5DCEC009DB9CB /* ChooseCardLoginV2.swift */; };
		463D04FB1FC5DCFB009DB9CB /* ConfirmCardLoginV2.swift in Sources */ = {isa = PBXBuildFile; fileRef = 463D04FA1FC5DCFB009DB9CB /* ConfirmCardLoginV2.swift */; };
		463FF4F91F5F318700706DF1 /* UtilityLogin.swift in Sources */ = {isa = PBXBuildFile; fileRef = 463FF4F81F5F318700706DF1 /* UtilityLogin.swift */; };
		463FF4FB1F5F404200706DF1 /* SignUp2.swift in Sources */ = {isa = PBXBuildFile; fileRef = 463FF4FA1F5F404200706DF1 /* SignUp2.swift */; };
		464012671F75C62800E271B2 /* ListAbonnement.swift in Sources */ = {isa = PBXBuildFile; fileRef = 464012661F75C62800E271B2 /* ListAbonnement.swift */; };
		464012691F76E37D00E271B2 /* Abonnement.swift in Sources */ = {isa = PBXBuildFile; fileRef = 464012681F76E37D00E271B2 /* Abonnement.swift */; };
		464E98481FB9FB59008783A4 /* APIRequestMap.swift in Sources */ = {isa = PBXBuildFile; fileRef = 464E98471FB9FB59008783A4 /* APIRequestMap.swift */; };
		464E984A1FB9FB7F008783A4 /* Branch.swift in Sources */ = {isa = PBXBuildFile; fileRef = 464E98491FB9FB7F008783A4 /* Branch.swift */; };
		4664F1F41F79300F00908778 /* ChoosePatisserie.swift in Sources */ = {isa = PBXBuildFile; fileRef = 4664F1F31F79300F00908778 /* ChoosePatisserie.swift */; };
		466EE1F61F82668400014B68 /* ChooseBrevageSize.swift in Sources */ = {isa = PBXBuildFile; fileRef = 466EE1F51F82668400014B68 /* ChooseBrevageSize.swift */; };
		466EE1F81F8279C700014B68 /* DragAndDropBrevage.swift in Sources */ = {isa = PBXBuildFile; fileRef = 466EE1F71F8279C700014B68 /* DragAndDropBrevage.swift */; };
		467BC11D1F82E27500C300AF /* ChooseSizeCrepe.swift in Sources */ = {isa = PBXBuildFile; fileRef = 467BC11C1F82E27500C300AF /* ChooseSizeCrepe.swift */; };
		467BC11F1F82E2B200C300AF /* ChooseSizeFondue.swift in Sources */ = {isa = PBXBuildFile; fileRef = 467BC11E1F82E2B200C300AF /* ChooseSizeFondue.swift */; };
		467BC1211F82E4BD00C300AF /* FlavourFondue.swift in Sources */ = {isa = PBXBuildFile; fileRef = 467BC1201F82E4BD00C300AF /* FlavourFondue.swift */; };
		467BC1251F82E4D700C300AF /* SubitemsFondue.swift in Sources */ = {isa = PBXBuildFile; fileRef = 467BC1241F82E4D700C300AF /* SubitemsFondue.swift */; };
		467BC1291F82E7EF00C300AF /* FlavourCrepe.swift in Sources */ = {isa = PBXBuildFile; fileRef = 467BC1281F82E7EF00C300AF /* FlavourCrepe.swift */; };
		4687850F1F7186740009C292 /* Historique.storyboard in Resources */ = {isa = PBXBuildFile; fileRef = 4687850E1F7186740009C292 /* Historique.storyboard */; };
		468785111F7186BA0009C292 /* HistoriqueList.swift in Sources */ = {isa = PBXBuildFile; fileRef = 468785101F7186BA0009C292 /* HistoriqueList.swift */; };
		468785131F7186C70009C292 /* Historique.xcassets in Resources */ = {isa = PBXBuildFile; fileRef = 468785121F7186C70009C292 /* Historique.xcassets */; };
		468785291F7195120009C292 /* CommandesAssets.xcassets in Resources */ = {isa = PBXBuildFile; fileRef = 468785281F7195120009C292 /* CommandesAssets.xcassets */; };
		4687852B1F71951E0009C292 /* Commande.storyboard in Resources */ = {isa = PBXBuildFile; fileRef = 4687852A1F71951E0009C292 /* Commande.storyboard */; };
		4687852D1F7195370009C292 /* CommandeMainPage.swift in Sources */ = {isa = PBXBuildFile; fileRef = 4687852C1F7195370009C292 /* CommandeMainPage.swift */; };
		4687852F1F71954B0009C292 /* AbonnementAssets.xcassets in Resources */ = {isa = PBXBuildFile; fileRef = 4687852E1F71954B0009C292 /* AbonnementAssets.xcassets */; };
		468785311F7195520009C292 /* Abonnement.storyboard in Resources */ = {isa = PBXBuildFile; fileRef = 468785301F7195520009C292 /* Abonnement.storyboard */; };
		468785331F7195630009C292 /* AbonnementMainPage.swift in Sources */ = {isa = PBXBuildFile; fileRef = 468785321F7195630009C292 /* AbonnementMainPage.swift */; };
		468785351F7195760009C292 /* TrouverRestoAssets.xcassets in Resources */ = {isa = PBXBuildFile; fileRef = 468785341F7195760009C292 /* TrouverRestoAssets.xcassets */; };
		468785371F7195800009C292 /* TrouverRestau.storyboard in Resources */ = {isa = PBXBuildFile; fileRef = 468785361F7195800009C292 /* TrouverRestau.storyboard */; };
		468785391F7195910009C292 /* TrouverRestoMainPage.swift in Sources */ = {isa = PBXBuildFile; fileRef = 468785381F7195910009C292 /* TrouverRestoMainPage.swift */; };
		4687853B1F7195A10009C292 /* PromotionsAssets.xcassets in Resources */ = {isa = PBXBuildFile; fileRef = 4687853A1F7195A10009C292 /* PromotionsAssets.xcassets */; };
		4687853D1F7195AC0009C292 /* Promotions.storyboard in Resources */ = {isa = PBXBuildFile; fileRef = 4687853C1F7195AC0009C292 /* Promotions.storyboard */; };
		4687853F1F7195BA0009C292 /* PromotionMainPage.swift in Sources */ = {isa = PBXBuildFile; fileRef = 4687853E1F7195BA0009C292 /* PromotionMainPage.swift */; };
		468785411F71A6F30009C292 /* HistoryList.swift in Sources */ = {isa = PBXBuildFile; fileRef = 468785401F71A6F30009C292 /* HistoryList.swift */; };
		468785431F71B90C0009C292 /* InfoHistory.swift in Sources */ = {isa = PBXBuildFile; fileRef = 468785421F71B90C0009C292 /* InfoHistory.swift */; };
		468785451F71CF5C0009C292 /* Promotion.swift in Sources */ = {isa = PBXBuildFile; fileRef = 468785441F71CF5C0009C292 /* Promotion.swift */; };
		468785471F72AEEE0009C292 /* Item.swift in Sources */ = {isa = PBXBuildFile; fileRef = 468785461F72AEEE0009C292 /* Item.swift */; };
		4689B8051FC4F9210046F211 /* HistoryPagination.swift in Sources */ = {isa = PBXBuildFile; fileRef = 4689B8041FC4F9210046F211 /* HistoryPagination.swift */; };
		468C710D1F9BC53E007141B3 /* CustomTextfield.swift in Sources */ = {isa = PBXBuildFile; fileRef = 468C710C1F9BC53E007141B3 /* CustomTextfield.swift */; };
		468C710F1F9BE4B2007141B3 /* AnimationsLogin.swift in Sources */ = {isa = PBXBuildFile; fileRef = 468C710E1F9BE4B2007141B3 /* AnimationsLogin.swift */; };
		468C711A1F9E312F007141B3 /* FirstView.swift in Sources */ = {isa = PBXBuildFile; fileRef = 468C71191F9E312F007141B3 /* FirstView.swift */; };
		468C711C1F9E41C0007141B3 /* BackgroundView.swift in Sources */ = {isa = PBXBuildFile; fileRef = 468C711B1F9E41C0007141B3 /* BackgroundView.swift */; };
		4694CE461F796B6900953D75 /* EndOrder.swift in Sources */ = {isa = PBXBuildFile; fileRef = 4694CE451F796B6900953D75 /* EndOrder.swift */; };
		46A8F78A1F5722700085181F /* AppDelegate.swift in Sources */ = {isa = PBXBuildFile; fileRef = 46A8F7891F5722700085181F /* AppDelegate.swift */; };
		46A8F78F1F5722700085181F /* Main.storyboard in Resources */ = {isa = PBXBuildFile; fileRef = 46A8F78D1F5722700085181F /* Main.storyboard */; };
		46A8F7911F5722700085181F /* Assets.xcassets in Resources */ = {isa = PBXBuildFile; fileRef = 46A8F7901F5722700085181F /* Assets.xcassets */; };
		46A8F7941F5722700085181F /* LaunchScreen.storyboard in Resources */ = {isa = PBXBuildFile; fileRef = 46A8F7921F5722700085181F /* LaunchScreen.storyboard */; };
		46A8F79F1F5722700085181F /* GeekCafe_iOSTests.swift in Sources */ = {isa = PBXBuildFile; fileRef = 46A8F79E1F5722700085181F /* GeekCafe_iOSTests.swift */; };
		46A8F7AA1F5722700085181F /* GeekCafe_iOSUITests.swift in Sources */ = {isa = PBXBuildFile; fileRef = 46A8F7A91F5722700085181F /* GeekCafe_iOSUITests.swift */; };
		46ABFB511FBCDF6900482F0C /* APIRequestAbonnement.swift in Sources */ = {isa = PBXBuildFile; fileRef = 46ABFB501FBCDF6900482F0C /* APIRequestAbonnement.swift */; };
		46C7CCFB1F86BF5800C7961B /* Profile.storyboard in Resources */ = {isa = PBXBuildFile; fileRef = 46C7CCFA1F86BF5800C7961B /* Profile.storyboard */; };
		46C7CCFD1F86BF9600C7961B /* APIRequestProfile.swift in Sources */ = {isa = PBXBuildFile; fileRef = 46C7CCFC1F86BF9600C7961B /* APIRequestProfile.swift */; };
		46C7CCFF1F86BFA300C7961B /* AssetsProfile.xcassets in Resources */ = {isa = PBXBuildFile; fileRef = 46C7CCFE1F86BFA300C7961B /* AssetsProfile.xcassets */; };
		46C7CD011F86BFB200C7961B /* MainPageProfile.swift in Sources */ = {isa = PBXBuildFile; fileRef = 46C7CD001F86BFB200C7961B /* MainPageProfile.swift */; };
		46D1DB751F5F52340008D3F7 /* Lato-Black.ttf in Resources */ = {isa = PBXBuildFile; fileRef = 46D1DB631F5F52340008D3F7 /* Lato-Black.ttf */; };
		46D1DB761F5F52340008D3F7 /* Lato-BlackItalic.ttf in Resources */ = {isa = PBXBuildFile; fileRef = 46D1DB641F5F52340008D3F7 /* Lato-BlackItalic.ttf */; };
		46D1DB771F5F52340008D3F7 /* Lato-Bold.ttf in Resources */ = {isa = PBXBuildFile; fileRef = 46D1DB651F5F52340008D3F7 /* Lato-Bold.ttf */; };
		46D1DB781F5F52340008D3F7 /* Lato-BoldItalic.ttf in Resources */ = {isa = PBXBuildFile; fileRef = 46D1DB661F5F52340008D3F7 /* Lato-BoldItalic.ttf */; };
		46D1DB791F5F52340008D3F7 /* Lato-Hairline.ttf in Resources */ = {isa = PBXBuildFile; fileRef = 46D1DB671F5F52340008D3F7 /* Lato-Hairline.ttf */; };
		46D1DB7A1F5F52340008D3F7 /* Lato-HairlineItalic.ttf in Resources */ = {isa = PBXBuildFile; fileRef = 46D1DB681F5F52340008D3F7 /* Lato-HairlineItalic.ttf */; };
		46D1DB7B1F5F52340008D3F7 /* Lato-Heavy.ttf in Resources */ = {isa = PBXBuildFile; fileRef = 46D1DB691F5F52340008D3F7 /* Lato-Heavy.ttf */; };
		46D1DB7C1F5F52340008D3F7 /* Lato-HeavyItalic.ttf in Resources */ = {isa = PBXBuildFile; fileRef = 46D1DB6A1F5F52340008D3F7 /* Lato-HeavyItalic.ttf */; };
		46D1DB7D1F5F52340008D3F7 /* Lato-Italic.ttf in Resources */ = {isa = PBXBuildFile; fileRef = 46D1DB6B1F5F52340008D3F7 /* Lato-Italic.ttf */; };
		46D1DB7E1F5F52340008D3F7 /* Lato-Light.ttf in Resources */ = {isa = PBXBuildFile; fileRef = 46D1DB6C1F5F52340008D3F7 /* Lato-Light.ttf */; };
		46D1DB7F1F5F52340008D3F7 /* Lato-LightItalic.ttf in Resources */ = {isa = PBXBuildFile; fileRef = 46D1DB6D1F5F52340008D3F7 /* Lato-LightItalic.ttf */; };
		46D1DB801F5F52340008D3F7 /* Lato-Medium.ttf in Resources */ = {isa = PBXBuildFile; fileRef = 46D1DB6E1F5F52340008D3F7 /* Lato-Medium.ttf */; };
		46D1DB811F5F52340008D3F7 /* Lato-MediumItalic.ttf in Resources */ = {isa = PBXBuildFile; fileRef = 46D1DB6F1F5F52340008D3F7 /* Lato-MediumItalic.ttf */; };
		46D1DB821F5F52340008D3F7 /* Lato-Regular.ttf in Resources */ = {isa = PBXBuildFile; fileRef = 46D1DB701F5F52340008D3F7 /* Lato-Regular.ttf */; };
		46D1DB831F5F52340008D3F7 /* Lato-Semibold.ttf in Resources */ = {isa = PBXBuildFile; fileRef = 46D1DB711F5F52340008D3F7 /* Lato-Semibold.ttf */; };
		46D1DB841F5F52340008D3F7 /* Lato-SemiboldItalic.ttf in Resources */ = {isa = PBXBuildFile; fileRef = 46D1DB721F5F52340008D3F7 /* Lato-SemiboldItalic.ttf */; };
		46D1DB851F5F52340008D3F7 /* Lato-Thin.ttf in Resources */ = {isa = PBXBuildFile; fileRef = 46D1DB731F5F52340008D3F7 /* Lato-Thin.ttf */; };
		46D1DB861F5F52340008D3F7 /* Lato-ThinItalic.ttf in Resources */ = {isa = PBXBuildFile; fileRef = 46D1DB741F5F52340008D3F7 /* Lato-ThinItalic.ttf */; };
		46D1DB891F5F56550008D3F7 /* SignUp3.swift in Sources */ = {isa = PBXBuildFile; fileRef = 46D1DB881F5F56550008D3F7 /* SignUp3.swift */; };
		46D1DB8B1F5F8C240008D3F7 /* SignUp5.swift in Sources */ = {isa = PBXBuildFile; fileRef = 46D1DB8A1F5F8C240008D3F7 /* SignUp5.swift */; };
		46D1DB8D1F5F8C2F0008D3F7 /* SignUp4.swift in Sources */ = {isa = PBXBuildFile; fileRef = 46D1DB8C1F5F8C2F0008D3F7 /* SignUp4.swift */; };
		46D25C951F69CB110033A634 /* Dashboard.storyboard in Resources */ = {isa = PBXBuildFile; fileRef = 46D25C941F69CB110033A634 /* Dashboard.storyboard */; };
		46D25C971F69CC540033A634 /* DashBoardNavController.swift in Sources */ = {isa = PBXBuildFile; fileRef = 46D25C961F69CC540033A634 /* DashBoardNavController.swift */; };
		46D25C991F69CC610033A634 /* Dashboard.swift in Sources */ = {isa = PBXBuildFile; fileRef = 46D25C981F69CC610033A634 /* Dashboard.swift */; };
		46DA4AA41FA001C100AE9DC4 /* APIRequestHistory.swift in Sources */ = {isa = PBXBuildFile; fileRef = 46DA4AA31FA001C100AE9DC4 /* APIRequestHistory.swift */; };
		46DA4AA61FA0255600AE9DC4 /* HistoryItemsInfo.swift in Sources */ = {isa = PBXBuildFile; fileRef = 46DA4AA51FA0255600AE9DC4 /* HistoryItemsInfo.swift */; };
		46FDA4DB1F83F06A00B6A07B /* ItemType.swift in Sources */ = {isa = PBXBuildFile; fileRef = 46FDA4DA1F83F06A00B6A07B /* ItemType.swift */; };
		46FDA4DD1F83F21800B6A07B /* APIRequestCommande.swift in Sources */ = {isa = PBXBuildFile; fileRef = 46FDA4DC1F83F21800B6A07B /* APIRequestCommande.swift */; };
		46FDA4E01F84008E00B6A07B /* Subitem.swift in Sources */ = {isa = PBXBuildFile; fileRef = 46FDA4DF1F84008E00B6A07B /* Subitem.swift */; };
		46FDA4E31F84016D00B6A07B /* PriceItem.swift in Sources */ = {isa = PBXBuildFile; fileRef = 46FDA4E21F84016D00B6A07B /* PriceItem.swift */; };
		46FDA4E51F84062500B6A07B /* ItemList.swift in Sources */ = {isa = PBXBuildFile; fileRef = 46FDA4E41F84062500B6A07B /* ItemList.swift */; };
		AC5D0F6C1D81105667411EDB /* Pods_GeekCafe_iOS.framework in Frameworks */ = {isa = PBXBuildFile; fileRef = D2D0ABDD82E2A5DA408EE72F /* Pods_GeekCafe_iOS.framework */; };
/* End PBXBuildFile section */

/* Begin PBXContainerItemProxy section */
		46A8F79B1F5722700085181F /* PBXContainerItemProxy */ = {
			isa = PBXContainerItemProxy;
			containerPortal = 46A8F77E1F5722700085181F /* Project object */;
			proxyType = 1;
			remoteGlobalIDString = 46A8F7851F5722700085181F;
			remoteInfo = "GeekCafe-iOS";
		};
		46A8F7A61F5722700085181F /* PBXContainerItemProxy */ = {
			isa = PBXContainerItemProxy;
			containerPortal = 46A8F77E1F5722700085181F /* Project object */;
			proxyType = 1;
			remoteGlobalIDString = 46A8F7851F5722700085181F;
			remoteInfo = "GeekCafe-iOS";
		};
/* End PBXContainerItemProxy section */

/* Begin PBXFileReference section */
		2213CA028F8C9D9BA52EE119 /* Pods-GeekCafe-iOS.release.xcconfig */ = {isa = PBXFileReference; includeInIndex = 1; lastKnownFileType = text.xcconfig; name = "Pods-GeekCafe-iOS.release.xcconfig"; path = "Pods/Target Support Files/Pods-GeekCafe-iOS/Pods-GeekCafe-iOS.release.xcconfig"; sourceTree = "<group>"; };
		460207BB1FA0F24600446E7A /* APIRequestPromotion.swift */ = {isa = PBXFileReference; lastKnownFileType = sourcecode.swift; path = APIRequestPromotion.swift; sourceTree = "<group>"; };
		460207BD1FA0F45000446E7A /* APIRequestPaiement.swift */ = {isa = PBXFileReference; lastKnownFileType = sourcecode.swift; path = APIRequestPaiement.swift; sourceTree = "<group>"; };
		460207BF1FA0FD3E00446E7A /* AssetPaiment.xcassets */ = {isa = PBXFileReference; lastKnownFileType = folder.assetcatalog; path = AssetPaiment.xcassets; sourceTree = "<group>"; };
		460207C11FA1010300446E7A /* loadingIndicator.swift */ = {isa = PBXFileReference; lastKnownFileType = sourcecode.swift; path = loadingIndicator.swift; sourceTree = "<group>"; };
		46047E691F93F9040000246C /* LoginV2.storyboard */ = {isa = PBXFileReference; lastKnownFileType = file.storyboard; path = LoginV2.storyboard; sourceTree = "<group>"; };
		46047E6B1F93F98E0000246C /* MainPageLoginV2.swift */ = {isa = PBXFileReference; lastKnownFileType = sourcecode.swift; path = MainPageLoginV2.swift; sourceTree = "<group>"; };
		46047E6D1F93FB6A0000246C /* AssetLoginV2.xcassets */ = {isa = PBXFileReference; lastKnownFileType = folder.assetcatalog; path = AssetLoginV2.xcassets; sourceTree = "<group>"; };
		4606448E1F573FE800BD08E5 /* LoginViewController.swift */ = {isa = PBXFileReference; fileEncoding = 4; lastKnownFileType = sourcecode.swift; path = LoginViewController.swift; sourceTree = "<group>"; };
		460644901F57407000BD08E5 /* Login-SignUp.storyboard */ = {isa = PBXFileReference; fileEncoding = 4; lastKnownFileType = file.storyboard; path = "Login-SignUp.storyboard"; sourceTree = "<group>"; };
		460644951F57410D00BD08E5 /* Utility.swift */ = {isa = PBXFileReference; fileEncoding = 4; lastKnownFileType = sourcecode.swift; path = Utility.swift; sourceTree = "<group>"; };
		460644971F57412300BD08E5 /* ImageLogin-SignUp.xcassets */ = {isa = PBXFileReference; lastKnownFileType = folder.assetcatalog; path = "ImageLogin-SignUp.xcassets"; sourceTree = "<group>"; };
		460644BF1F57801700BD08E5 /* SignUp1.swift */ = {isa = PBXFileReference; fileEncoding = 4; lastKnownFileType = sourcecode.swift; path = SignUp1.swift; sourceTree = "<group>"; };
		460644C11F579A6500BD08E5 /* navController.swift */ = {isa = PBXFileReference; fileEncoding = 4; lastKnownFileType = sourcecode.swift; path = navController.swift; sourceTree = "<group>"; };
		460B121D1F912D1600A79A62 /* Commande.swift */ = {isa = PBXFileReference; lastKnownFileType = sourcecode.swift; path = Commande.swift; sourceTree = "<group>"; };
		460B12211F91311100A79A62 /* style.json */ = {isa = PBXFileReference; fileEncoding = 4; lastKnownFileType = text.json; path = style.json; sourceTree = "<group>"; };
		460B12281F93F4DC00A79A62 /* Credits.storyboard */ = {isa = PBXFileReference; lastKnownFileType = file.storyboard; path = Credits.storyboard; sourceTree = "<group>"; };
		460B122A1F93F51100A79A62 /* MainPagePaiement.swift */ = {isa = PBXFileReference; lastKnownFileType = sourcecode.swift; path = MainPagePaiement.swift; sourceTree = "<group>"; };
		460D5BCB1F702B4600245F27 /* Menu.xcassets */ = {isa = PBXFileReference; lastKnownFileType = folder.assetcatalog; path = Menu.xcassets; sourceTree = "<group>"; };
		460D5BCD1F702B8F00245F27 /* MenuClass.swift */ = {isa = PBXFileReference; fileEncoding = 4; lastKnownFileType = sourcecode.swift; path = MenuClass.swift; sourceTree = "<group>"; };
		460F02821FC9FBF3007EFF93 /* GradialColors.swift */ = {isa = PBXFileReference; lastKnownFileType = sourcecode.swift; path = GradialColors.swift; sourceTree = "<group>"; };
		460F7B8F1F83EE530043B7E8 /* userCard.swift */ = {isa = PBXFileReference; lastKnownFileType = sourcecode.swift; path = userCard.swift; sourceTree = "<group>"; };
		461232A81F782F0D00D04E30 /* PatisserieMain.swift */ = {isa = PBXFileReference; lastKnownFileType = sourcecode.swift; path = PatisserieMain.swift; sourceTree = "<group>"; };
		461232AA1F782F1A00D04E30 /* BrevageMain.swift */ = {isa = PBXFileReference; lastKnownFileType = sourcecode.swift; path = BrevageMain.swift; sourceTree = "<group>"; };
		461232AE1F78310400D04E30 /* CartCommmande.swift */ = {isa = PBXFileReference; lastKnownFileType = sourcecode.swift; path = CartCommmande.swift; sourceTree = "<group>"; };
		461A89951FB368480008AA5C /* Prices.swift */ = {isa = PBXFileReference; lastKnownFileType = sourcecode.swift; path = Prices.swift; sourceTree = "<group>"; };
		461D362B1FBCADBE004C2F54 /* ModifyProfile.swift */ = {isa = PBXFileReference; lastKnownFileType = sourcecode.swift; path = ModifyProfile.swift; sourceTree = "<group>"; };
		461D362D1FBCB409004C2F54 /* RateMyApp.swift */ = {isa = PBXFileReference; lastKnownFileType = sourcecode.swift; path = RateMyApp.swift; sourceTree = "<group>"; };
		461D362F1FBCB413004C2F54 /* TermsAndCondition.swift */ = {isa = PBXFileReference; lastKnownFileType = sourcecode.swift; path = TermsAndCondition.swift; sourceTree = "<group>"; };
		46206D8D1F6AE92300D2BE60 /* Dashboard.xcassets */ = {isa = PBXFileReference; lastKnownFileType = folder.assetcatalog; path = Dashboard.xcassets; sourceTree = "<group>"; };
		462CF6DC1F604E1500326426 /* APIRequestLogin.swift */ = {isa = PBXFileReference; fileEncoding = 4; lastKnownFileType = sourcecode.swift; path = APIRequestLogin.swift; sourceTree = "<group>"; };
		462CF6EF1F60514B00326426 /* User.swift */ = {isa = PBXFileReference; fileEncoding = 4; lastKnownFileType = sourcecode.swift; path = User.swift; sourceTree = "<group>"; };
		462CF6F11F60546C00326426 /* Global.swift */ = {isa = PBXFileReference; fileEncoding = 4; lastKnownFileType = sourcecode.swift; path = Global.swift; sourceTree = "<group>"; };
		46344BDD1F7BDC1500A85389 /* DoneCommandRed.swift */ = {isa = PBXFileReference; lastKnownFileType = sourcecode.swift; path = DoneCommandRed.swift; sourceTree = "<group>"; };
		46344BDF1F7BE18D00A85389 /* DoneCommandGreen.swift */ = {isa = PBXFileReference; lastKnownFileType = sourcecode.swift; path = DoneCommandGreen.swift; sourceTree = "<group>"; };
		4639D7421F851C65008DAFF3 /* LoadingAnimation.swift */ = {isa = PBXFileReference; lastKnownFileType = sourcecode.swift; path = LoadingAnimation.swift; sourceTree = "<group>"; };
		463D04F41FC5CB44009DB9CB /* SignUpV2_1.swift */ = {isa = PBXFileReference; lastKnownFileType = sourcecode.swift; path = SignUpV2_1.swift; sourceTree = "<group>"; };
		463D04F61FC5CFB1009DB9CB /* SignUpV2_2.swift */ = {isa = PBXFileReference; lastKnownFileType = sourcecode.swift; path = SignUpV2_2.swift; sourceTree = "<group>"; };
		463D04F81FC5DCEC009DB9CB /* ChooseCardLoginV2.swift */ = {isa = PBXFileReference; lastKnownFileType = sourcecode.swift; path = ChooseCardLoginV2.swift; sourceTree = "<group>"; };
		463D04FA1FC5DCFB009DB9CB /* ConfirmCardLoginV2.swift */ = {isa = PBXFileReference; lastKnownFileType = sourcecode.swift; path = ConfirmCardLoginV2.swift; sourceTree = "<group>"; };
		463FF4F81F5F318700706DF1 /* UtilityLogin.swift */ = {isa = PBXFileReference; fileEncoding = 4; lastKnownFileType = sourcecode.swift; path = UtilityLogin.swift; sourceTree = "<group>"; };
		463FF4FA1F5F404200706DF1 /* SignUp2.swift */ = {isa = PBXFileReference; fileEncoding = 4; lastKnownFileType = sourcecode.swift; path = SignUp2.swift; sourceTree = "<group>"; };
		464012661F75C62800E271B2 /* ListAbonnement.swift */ = {isa = PBXFileReference; lastKnownFileType = sourcecode.swift; path = ListAbonnement.swift; sourceTree = "<group>"; };
		464012681F76E37D00E271B2 /* Abonnement.swift */ = {isa = PBXFileReference; lastKnownFileType = sourcecode.swift; path = Abonnement.swift; sourceTree = "<group>"; };
		464E98471FB9FB59008783A4 /* APIRequestMap.swift */ = {isa = PBXFileReference; lastKnownFileType = sourcecode.swift; path = APIRequestMap.swift; sourceTree = "<group>"; };
		464E98491FB9FB7F008783A4 /* Branch.swift */ = {isa = PBXFileReference; lastKnownFileType = sourcecode.swift; path = Branch.swift; sourceTree = "<group>"; };
		4664F1F31F79300F00908778 /* ChoosePatisserie.swift */ = {isa = PBXFileReference; lastKnownFileType = sourcecode.swift; path = ChoosePatisserie.swift; sourceTree = "<group>"; };
		466EE1F51F82668400014B68 /* ChooseBrevageSize.swift */ = {isa = PBXFileReference; lastKnownFileType = sourcecode.swift; path = ChooseBrevageSize.swift; sourceTree = "<group>"; };
		466EE1F71F8279C700014B68 /* DragAndDropBrevage.swift */ = {isa = PBXFileReference; lastKnownFileType = sourcecode.swift; path = DragAndDropBrevage.swift; sourceTree = "<group>"; };
		467BC11C1F82E27500C300AF /* ChooseSizeCrepe.swift */ = {isa = PBXFileReference; lastKnownFileType = sourcecode.swift; path = ChooseSizeCrepe.swift; sourceTree = "<group>"; };
		467BC11E1F82E2B200C300AF /* ChooseSizeFondue.swift */ = {isa = PBXFileReference; lastKnownFileType = sourcecode.swift; path = ChooseSizeFondue.swift; sourceTree = "<group>"; };
		467BC1201F82E4BD00C300AF /* FlavourFondue.swift */ = {isa = PBXFileReference; lastKnownFileType = sourcecode.swift; path = FlavourFondue.swift; sourceTree = "<group>"; };
		467BC1241F82E4D700C300AF /* SubitemsFondue.swift */ = {isa = PBXFileReference; lastKnownFileType = sourcecode.swift; path = SubitemsFondue.swift; sourceTree = "<group>"; };
		467BC1281F82E7EF00C300AF /* FlavourCrepe.swift */ = {isa = PBXFileReference; lastKnownFileType = sourcecode.swift; path = FlavourCrepe.swift; sourceTree = "<group>"; };
		4687850E1F7186740009C292 /* Historique.storyboard */ = {isa = PBXFileReference; fileEncoding = 4; lastKnownFileType = file.storyboard; path = Historique.storyboard; sourceTree = "<group>"; };
		468785101F7186BA0009C292 /* HistoriqueList.swift */ = {isa = PBXFileReference; fileEncoding = 4; lastKnownFileType = sourcecode.swift; path = HistoriqueList.swift; sourceTree = "<group>"; };
		468785121F7186C70009C292 /* Historique.xcassets */ = {isa = PBXFileReference; lastKnownFileType = folder.assetcatalog; path = Historique.xcassets; sourceTree = "<group>"; };
		468785281F7195120009C292 /* CommandesAssets.xcassets */ = {isa = PBXFileReference; lastKnownFileType = folder.assetcatalog; path = CommandesAssets.xcassets; sourceTree = "<group>"; };
		4687852A1F71951E0009C292 /* Commande.storyboard */ = {isa = PBXFileReference; fileEncoding = 4; lastKnownFileType = file.storyboard; path = Commande.storyboard; sourceTree = "<group>"; };
		4687852C1F7195370009C292 /* CommandeMainPage.swift */ = {isa = PBXFileReference; fileEncoding = 4; lastKnownFileType = sourcecode.swift; path = CommandeMainPage.swift; sourceTree = "<group>"; };
		4687852E1F71954B0009C292 /* AbonnementAssets.xcassets */ = {isa = PBXFileReference; lastKnownFileType = folder.assetcatalog; path = AbonnementAssets.xcassets; sourceTree = "<group>"; };
		468785301F7195520009C292 /* Abonnement.storyboard */ = {isa = PBXFileReference; fileEncoding = 4; lastKnownFileType = file.storyboard; path = Abonnement.storyboard; sourceTree = "<group>"; };
		468785321F7195630009C292 /* AbonnementMainPage.swift */ = {isa = PBXFileReference; fileEncoding = 4; lastKnownFileType = sourcecode.swift; path = AbonnementMainPage.swift; sourceTree = "<group>"; };
		468785341F7195760009C292 /* TrouverRestoAssets.xcassets */ = {isa = PBXFileReference; lastKnownFileType = folder.assetcatalog; path = TrouverRestoAssets.xcassets; sourceTree = "<group>"; };
		468785361F7195800009C292 /* TrouverRestau.storyboard */ = {isa = PBXFileReference; fileEncoding = 4; lastKnownFileType = file.storyboard; path = TrouverRestau.storyboard; sourceTree = "<group>"; };
		468785381F7195910009C292 /* TrouverRestoMainPage.swift */ = {isa = PBXFileReference; fileEncoding = 4; lastKnownFileType = sourcecode.swift; path = TrouverRestoMainPage.swift; sourceTree = "<group>"; };
		4687853A1F7195A10009C292 /* PromotionsAssets.xcassets */ = {isa = PBXFileReference; lastKnownFileType = folder.assetcatalog; path = PromotionsAssets.xcassets; sourceTree = "<group>"; };
		4687853C1F7195AC0009C292 /* Promotions.storyboard */ = {isa = PBXFileReference; fileEncoding = 4; lastKnownFileType = file.storyboard; path = Promotions.storyboard; sourceTree = "<group>"; };
		4687853E1F7195BA0009C292 /* PromotionMainPage.swift */ = {isa = PBXFileReference; fileEncoding = 4; lastKnownFileType = sourcecode.swift; path = PromotionMainPage.swift; sourceTree = "<group>"; };
		468785401F71A6F30009C292 /* HistoryList.swift */ = {isa = PBXFileReference; fileEncoding = 4; lastKnownFileType = sourcecode.swift; path = HistoryList.swift; sourceTree = "<group>"; };
		468785421F71B90C0009C292 /* InfoHistory.swift */ = {isa = PBXFileReference; fileEncoding = 4; lastKnownFileType = sourcecode.swift; path = InfoHistory.swift; sourceTree = "<group>"; };
		468785441F71CF5C0009C292 /* Promotion.swift */ = {isa = PBXFileReference; fileEncoding = 4; lastKnownFileType = sourcecode.swift; path = Promotion.swift; sourceTree = "<group>"; };
		468785461F72AEEE0009C292 /* Item.swift */ = {isa = PBXFileReference; fileEncoding = 4; lastKnownFileType = sourcecode.swift; path = Item.swift; sourceTree = "<group>"; };
		4687854C1F72D8A60009C292 /* GeekCafe-iOS.entitlements */ = {isa = PBXFileReference; lastKnownFileType = text.plist.entitlements; path = "GeekCafe-iOS.entitlements"; sourceTree = "<group>"; };
		4689B8041FC4F9210046F211 /* HistoryPagination.swift */ = {isa = PBXFileReference; lastKnownFileType = sourcecode.swift; path = HistoryPagination.swift; sourceTree = "<group>"; };
		468C710C1F9BC53E007141B3 /* CustomTextfield.swift */ = {isa = PBXFileReference; lastKnownFileType = sourcecode.swift; path = CustomTextfield.swift; sourceTree = "<group>"; };
		468C710E1F9BE4B2007141B3 /* AnimationsLogin.swift */ = {isa = PBXFileReference; lastKnownFileType = sourcecode.swift; path = AnimationsLogin.swift; sourceTree = "<group>"; };
		468C71191F9E312F007141B3 /* FirstView.swift */ = {isa = PBXFileReference; lastKnownFileType = sourcecode.swift; path = FirstView.swift; sourceTree = "<group>"; };
		468C711B1F9E41C0007141B3 /* BackgroundView.swift */ = {isa = PBXFileReference; lastKnownFileType = sourcecode.swift; path = BackgroundView.swift; sourceTree = "<group>"; };
		4694CE451F796B6900953D75 /* EndOrder.swift */ = {isa = PBXFileReference; lastKnownFileType = sourcecode.swift; path = EndOrder.swift; sourceTree = "<group>"; };
		46A8F7861F5722700085181F /* GeekCafe-iOS.app */ = {isa = PBXFileReference; explicitFileType = wrapper.application; includeInIndex = 0; path = "GeekCafe-iOS.app"; sourceTree = BUILT_PRODUCTS_DIR; };
		46A8F7891F5722700085181F /* AppDelegate.swift */ = {isa = PBXFileReference; lastKnownFileType = sourcecode.swift; path = AppDelegate.swift; sourceTree = "<group>"; };
		46A8F78E1F5722700085181F /* Base */ = {isa = PBXFileReference; lastKnownFileType = file.storyboard; name = Base; path = Base.lproj/Main.storyboard; sourceTree = "<group>"; };
		46A8F7901F5722700085181F /* Assets.xcassets */ = {isa = PBXFileReference; lastKnownFileType = folder.assetcatalog; path = Assets.xcassets; sourceTree = "<group>"; };
		46A8F7931F5722700085181F /* Base */ = {isa = PBXFileReference; lastKnownFileType = file.storyboard; name = Base; path = Base.lproj/LaunchScreen.storyboard; sourceTree = "<group>"; };
		46A8F7951F5722700085181F /* Info.plist */ = {isa = PBXFileReference; lastKnownFileType = text.plist.xml; path = Info.plist; sourceTree = "<group>"; };
		46A8F79A1F5722700085181F /* GeekCafe-iOSTests.xctest */ = {isa = PBXFileReference; explicitFileType = wrapper.cfbundle; includeInIndex = 0; path = "GeekCafe-iOSTests.xctest"; sourceTree = BUILT_PRODUCTS_DIR; };
		46A8F79E1F5722700085181F /* GeekCafe_iOSTests.swift */ = {isa = PBXFileReference; lastKnownFileType = sourcecode.swift; path = GeekCafe_iOSTests.swift; sourceTree = "<group>"; };
		46A8F7A01F5722700085181F /* Info.plist */ = {isa = PBXFileReference; lastKnownFileType = text.plist.xml; path = Info.plist; sourceTree = "<group>"; };
		46A8F7A51F5722700085181F /* GeekCafe-iOSUITests.xctest */ = {isa = PBXFileReference; explicitFileType = wrapper.cfbundle; includeInIndex = 0; path = "GeekCafe-iOSUITests.xctest"; sourceTree = BUILT_PRODUCTS_DIR; };
		46A8F7A91F5722700085181F /* GeekCafe_iOSUITests.swift */ = {isa = PBXFileReference; lastKnownFileType = sourcecode.swift; path = GeekCafe_iOSUITests.swift; sourceTree = "<group>"; };
		46A8F7AB1F5722700085181F /* Info.plist */ = {isa = PBXFileReference; lastKnownFileType = text.plist.xml; path = Info.plist; sourceTree = "<group>"; };
		46ABFB501FBCDF6900482F0C /* APIRequestAbonnement.swift */ = {isa = PBXFileReference; lastKnownFileType = sourcecode.swift; path = APIRequestAbonnement.swift; sourceTree = "<group>"; };
		46C7CCFA1F86BF5800C7961B /* Profile.storyboard */ = {isa = PBXFileReference; lastKnownFileType = file.storyboard; path = Profile.storyboard; sourceTree = "<group>"; };
		46C7CCFC1F86BF9600C7961B /* APIRequestProfile.swift */ = {isa = PBXFileReference; lastKnownFileType = sourcecode.swift; path = APIRequestProfile.swift; sourceTree = "<group>"; };
		46C7CCFE1F86BFA300C7961B /* AssetsProfile.xcassets */ = {isa = PBXFileReference; lastKnownFileType = folder.assetcatalog; path = AssetsProfile.xcassets; sourceTree = "<group>"; };
		46C7CD001F86BFB200C7961B /* MainPageProfile.swift */ = {isa = PBXFileReference; lastKnownFileType = sourcecode.swift; path = MainPageProfile.swift; sourceTree = "<group>"; };
		46D1DB631F5F52340008D3F7 /* Lato-Black.ttf */ = {isa = PBXFileReference; lastKnownFileType = file; name = "Lato-Black.ttf"; path = "Fonts/Lato/Lato-Black.ttf"; sourceTree = "<group>"; };
		46D1DB641F5F52340008D3F7 /* Lato-BlackItalic.ttf */ = {isa = PBXFileReference; lastKnownFileType = file; name = "Lato-BlackItalic.ttf"; path = "Fonts/Lato/Lato-BlackItalic.ttf"; sourceTree = "<group>"; };
		46D1DB651F5F52340008D3F7 /* Lato-Bold.ttf */ = {isa = PBXFileReference; lastKnownFileType = file; name = "Lato-Bold.ttf"; path = "Fonts/Lato/Lato-Bold.ttf"; sourceTree = "<group>"; };
		46D1DB661F5F52340008D3F7 /* Lato-BoldItalic.ttf */ = {isa = PBXFileReference; lastKnownFileType = file; name = "Lato-BoldItalic.ttf"; path = "Fonts/Lato/Lato-BoldItalic.ttf"; sourceTree = "<group>"; };
		46D1DB671F5F52340008D3F7 /* Lato-Hairline.ttf */ = {isa = PBXFileReference; lastKnownFileType = file; name = "Lato-Hairline.ttf"; path = "Fonts/Lato/Lato-Hairline.ttf"; sourceTree = "<group>"; };
		46D1DB681F5F52340008D3F7 /* Lato-HairlineItalic.ttf */ = {isa = PBXFileReference; lastKnownFileType = file; name = "Lato-HairlineItalic.ttf"; path = "Fonts/Lato/Lato-HairlineItalic.ttf"; sourceTree = "<group>"; };
		46D1DB691F5F52340008D3F7 /* Lato-Heavy.ttf */ = {isa = PBXFileReference; lastKnownFileType = file; name = "Lato-Heavy.ttf"; path = "Fonts/Lato/Lato-Heavy.ttf"; sourceTree = "<group>"; };
		46D1DB6A1F5F52340008D3F7 /* Lato-HeavyItalic.ttf */ = {isa = PBXFileReference; lastKnownFileType = file; name = "Lato-HeavyItalic.ttf"; path = "Fonts/Lato/Lato-HeavyItalic.ttf"; sourceTree = "<group>"; };
		46D1DB6B1F5F52340008D3F7 /* Lato-Italic.ttf */ = {isa = PBXFileReference; lastKnownFileType = file; name = "Lato-Italic.ttf"; path = "Fonts/Lato/Lato-Italic.ttf"; sourceTree = "<group>"; };
		46D1DB6C1F5F52340008D3F7 /* Lato-Light.ttf */ = {isa = PBXFileReference; lastKnownFileType = file; name = "Lato-Light.ttf"; path = "Fonts/Lato/Lato-Light.ttf"; sourceTree = "<group>"; };
		46D1DB6D1F5F52340008D3F7 /* Lato-LightItalic.ttf */ = {isa = PBXFileReference; lastKnownFileType = file; name = "Lato-LightItalic.ttf"; path = "Fonts/Lato/Lato-LightItalic.ttf"; sourceTree = "<group>"; };
		46D1DB6E1F5F52340008D3F7 /* Lato-Medium.ttf */ = {isa = PBXFileReference; lastKnownFileType = file; name = "Lato-Medium.ttf"; path = "Fonts/Lato/Lato-Medium.ttf"; sourceTree = "<group>"; };
		46D1DB6F1F5F52340008D3F7 /* Lato-MediumItalic.ttf */ = {isa = PBXFileReference; lastKnownFileType = file; name = "Lato-MediumItalic.ttf"; path = "Fonts/Lato/Lato-MediumItalic.ttf"; sourceTree = "<group>"; };
		46D1DB701F5F52340008D3F7 /* Lato-Regular.ttf */ = {isa = PBXFileReference; lastKnownFileType = file; name = "Lato-Regular.ttf"; path = "Fonts/Lato/Lato-Regular.ttf"; sourceTree = "<group>"; };
		46D1DB711F5F52340008D3F7 /* Lato-Semibold.ttf */ = {isa = PBXFileReference; lastKnownFileType = file; name = "Lato-Semibold.ttf"; path = "Fonts/Lato/Lato-Semibold.ttf"; sourceTree = "<group>"; };
		46D1DB721F5F52340008D3F7 /* Lato-SemiboldItalic.ttf */ = {isa = PBXFileReference; lastKnownFileType = file; name = "Lato-SemiboldItalic.ttf"; path = "Fonts/Lato/Lato-SemiboldItalic.ttf"; sourceTree = "<group>"; };
		46D1DB731F5F52340008D3F7 /* Lato-Thin.ttf */ = {isa = PBXFileReference; lastKnownFileType = file; name = "Lato-Thin.ttf"; path = "Fonts/Lato/Lato-Thin.ttf"; sourceTree = "<group>"; };
		46D1DB741F5F52340008D3F7 /* Lato-ThinItalic.ttf */ = {isa = PBXFileReference; lastKnownFileType = file; name = "Lato-ThinItalic.ttf"; path = "Fonts/Lato/Lato-ThinItalic.ttf"; sourceTree = "<group>"; };
		46D1DB881F5F56550008D3F7 /* SignUp3.swift */ = {isa = PBXFileReference; fileEncoding = 4; lastKnownFileType = sourcecode.swift; path = SignUp3.swift; sourceTree = "<group>"; };
		46D1DB8A1F5F8C240008D3F7 /* SignUp5.swift */ = {isa = PBXFileReference; fileEncoding = 4; lastKnownFileType = sourcecode.swift; path = SignUp5.swift; sourceTree = "<group>"; };
		46D1DB8C1F5F8C2F0008D3F7 /* SignUp4.swift */ = {isa = PBXFileReference; fileEncoding = 4; lastKnownFileType = sourcecode.swift; path = SignUp4.swift; sourceTree = "<group>"; };
		46D1DB8E1F60324E0008D3F7 /* Bridging-Header.h */ = {isa = PBXFileReference; lastKnownFileType = sourcecode.c.h; path = "Bridging-Header.h"; sourceTree = "<group>"; };
		46D25C941F69CB110033A634 /* Dashboard.storyboard */ = {isa = PBXFileReference; fileEncoding = 4; lastKnownFileType = file.storyboard; path = Dashboard.storyboard; sourceTree = "<group>"; };
		46D25C961F69CC540033A634 /* DashBoardNavController.swift */ = {isa = PBXFileReference; fileEncoding = 4; lastKnownFileType = sourcecode.swift; path = DashBoardNavController.swift; sourceTree = "<group>"; };
		46D25C981F69CC610033A634 /* Dashboard.swift */ = {isa = PBXFileReference; fileEncoding = 4; lastKnownFileType = sourcecode.swift; path = Dashboard.swift; sourceTree = "<group>"; };
		46DA4AA31FA001C100AE9DC4 /* APIRequestHistory.swift */ = {isa = PBXFileReference; lastKnownFileType = sourcecode.swift; path = APIRequestHistory.swift; sourceTree = "<group>"; };
		46DA4AA51FA0255600AE9DC4 /* HistoryItemsInfo.swift */ = {isa = PBXFileReference; lastKnownFileType = sourcecode.swift; path = HistoryItemsInfo.swift; sourceTree = "<group>"; };
		46FDA4DA1F83F06A00B6A07B /* ItemType.swift */ = {isa = PBXFileReference; lastKnownFileType = sourcecode.swift; path = ItemType.swift; sourceTree = "<group>"; };
		46FDA4DC1F83F21800B6A07B /* APIRequestCommande.swift */ = {isa = PBXFileReference; lastKnownFileType = sourcecode.swift; path = APIRequestCommande.swift; sourceTree = "<group>"; };
		46FDA4DF1F84008E00B6A07B /* Subitem.swift */ = {isa = PBXFileReference; lastKnownFileType = sourcecode.swift; path = Subitem.swift; sourceTree = "<group>"; };
		46FDA4E21F84016D00B6A07B /* PriceItem.swift */ = {isa = PBXFileReference; lastKnownFileType = sourcecode.swift; path = PriceItem.swift; sourceTree = "<group>"; };
		46FDA4E41F84062500B6A07B /* ItemList.swift */ = {isa = PBXFileReference; lastKnownFileType = sourcecode.swift; path = ItemList.swift; sourceTree = "<group>"; };
		AEC664A6B8B1D2AB96919BE5 /* Pods-GeekCafe-iOS.debug.xcconfig */ = {isa = PBXFileReference; includeInIndex = 1; lastKnownFileType = text.xcconfig; name = "Pods-GeekCafe-iOS.debug.xcconfig"; path = "Pods/Target Support Files/Pods-GeekCafe-iOS/Pods-GeekCafe-iOS.debug.xcconfig"; sourceTree = "<group>"; };
		D2D0ABDD82E2A5DA408EE72F /* Pods_GeekCafe_iOS.framework */ = {isa = PBXFileReference; explicitFileType = wrapper.framework; includeInIndex = 0; path = Pods_GeekCafe_iOS.framework; sourceTree = BUILT_PRODUCTS_DIR; };
/* End PBXFileReference section */

/* Begin PBXFrameworksBuildPhase section */
		46A8F7831F5722700085181F /* Frameworks */ = {
			isa = PBXFrameworksBuildPhase;
			buildActionMask = 2147483647;
			files = (
				AC5D0F6C1D81105667411EDB /* Pods_GeekCafe_iOS.framework in Frameworks */,
			);
			runOnlyForDeploymentPostprocessing = 0;
		};
		46A8F7971F5722700085181F /* Frameworks */ = {
			isa = PBXFrameworksBuildPhase;
			buildActionMask = 2147483647;
			files = (
			);
			runOnlyForDeploymentPostprocessing = 0;
		};
		46A8F7A21F5722700085181F /* Frameworks */ = {
			isa = PBXFrameworksBuildPhase;
			buildActionMask = 2147483647;
			files = (
			);
			runOnlyForDeploymentPostprocessing = 0;
		};
/* End PBXFrameworksBuildPhase section */

/* Begin PBXGroup section */
		0B63DA113D10A839692D5884 /* Pods */ = {
			isa = PBXGroup;
			children = (
				AEC664A6B8B1D2AB96919BE5 /* Pods-GeekCafe-iOS.debug.xcconfig */,
				2213CA028F8C9D9BA52EE119 /* Pods-GeekCafe-iOS.release.xcconfig */,
			);
			name = Pods;
			sourceTree = "<group>";
		};
		46047E641F93F8A80000246C /* Login_V2 */ = {
			isa = PBXGroup;
			children = (
				46047E681F93F8F90000246C /* Assets LoginV2 */,
				46047E671F93F8F20000246C /* Storyboard */,
				468C71101F9D1BBD007141B3 /* Login Views Classes */,
				46047E651F93F8B50000246C /* Login Page */,
			);
			name = Login_V2;
			sourceTree = "<group>";
		};
		46047E651F93F8B50000246C /* Login Page */ = {
			isa = PBXGroup;
			children = (
				46047E6B1F93F98E0000246C /* MainPageLoginV2.swift */,
				463D04F41FC5CB44009DB9CB /* SignUpV2_1.swift */,
				463D04F61FC5CFB1009DB9CB /* SignUpV2_2.swift */,
				463D04F81FC5DCEC009DB9CB /* ChooseCardLoginV2.swift */,
				463D04FA1FC5DCFB009DB9CB /* ConfirmCardLoginV2.swift */,
			);
			name = "Login Page";
			sourceTree = "<group>";
		};
		46047E671F93F8F20000246C /* Storyboard */ = {
			isa = PBXGroup;
			children = (
				46047E691F93F9040000246C /* LoginV2.storyboard */,
			);
			name = Storyboard;
			sourceTree = "<group>";
		};
		46047E681F93F8F90000246C /* Assets LoginV2 */ = {
			isa = PBXGroup;
			children = (
				46047E6D1F93FB6A0000246C /* AssetLoginV2.xcassets */,
			);
			name = "Assets LoginV2";
			sourceTree = "<group>";
		};
		4606448A1F573F8900BD08E5 /* Login-SignUp */ = {
			isa = PBXGroup;
			children = (
				460644941F5740F400BD08E5 /* Utility */,
				460644931F5740E800BD08E5 /* StoryBoard */,
				462CF6DB1F604DD800326426 /* API Request Files */,
				460644921F5740D700BD08E5 /* UI Swift Files */,
			);
			name = "Login-SignUp";
			sourceTree = "<group>";
		};
		4606448B1F573F9800BD08E5 /* Main Files */ = {
			isa = PBXGroup;
			children = (
				46D25C931F69BE2E0033A634 /* InfoPlist_AppDelegate */,
				46D25C921F69BE1F0033A634 /* StoryBoard */,
			);
			name = "Main Files";
			sourceTree = "<group>";
		};
		460644921F5740D700BD08E5 /* UI Swift Files */ = {
			isa = PBXGroup;
			children = (
				4606448E1F573FE800BD08E5 /* LoginViewController.swift */,
				460644BF1F57801700BD08E5 /* SignUp1.swift */,
				463FF4FA1F5F404200706DF1 /* SignUp2.swift */,
				46D1DB881F5F56550008D3F7 /* SignUp3.swift */,
				46D1DB8C1F5F8C2F0008D3F7 /* SignUp4.swift */,
				46D1DB8A1F5F8C240008D3F7 /* SignUp5.swift */,
			);
			name = "UI Swift Files";
			sourceTree = "<group>";
		};
		460644931F5740E800BD08E5 /* StoryBoard */ = {
			isa = PBXGroup;
			children = (
				460644901F57407000BD08E5 /* Login-SignUp.storyboard */,
			);
			name = StoryBoard;
			sourceTree = "<group>";
		};
		460644941F5740F400BD08E5 /* Utility */ = {
			isa = PBXGroup;
			children = (
				460644C11F579A6500BD08E5 /* navController.swift */,
				463FF4F81F5F318700706DF1 /* UtilityLogin.swift */,
				460644971F57412300BD08E5 /* ImageLogin-SignUp.xcassets */,
			);
			name = Utility;
			sourceTree = "<group>";
		};
		460B12231F93F47000A79A62 /* Paiements */ = {
			isa = PBXGroup;
			children = (
				460B12241F93F47D00A79A62 /* Utility */,
				460B12251F93F48300A79A62 /* Storyboard */,
				460B12261F93F48900A79A62 /* API Request Files */,
				460B12271F93F49200A79A62 /* UI Swift Files */,
			);
			name = Paiements;
			sourceTree = "<group>";
		};
		460B12241F93F47D00A79A62 /* Utility */ = {
			isa = PBXGroup;
			children = (
				460207BF1FA0FD3E00446E7A /* AssetPaiment.xcassets */,
			);
			name = Utility;
			sourceTree = "<group>";
		};
		460B12251F93F48300A79A62 /* Storyboard */ = {
			isa = PBXGroup;
			children = (
				460B12281F93F4DC00A79A62 /* Credits.storyboard */,
			);
			name = Storyboard;
			sourceTree = "<group>";
		};
		460B12261F93F48900A79A62 /* API Request Files */ = {
			isa = PBXGroup;
			children = (
				460207BD1FA0F45000446E7A /* APIRequestPaiement.swift */,
			);
			name = "API Request Files";
			sourceTree = "<group>";
		};
		460B12271F93F49200A79A62 /* UI Swift Files */ = {
			isa = PBXGroup;
			children = (
				460B122A1F93F51100A79A62 /* MainPagePaiement.swift */,
			);
			name = "UI Swift Files";
			sourceTree = "<group>";
		};
		460D5BC81F702AEB00245F27 /* Menu */ = {
			isa = PBXGroup;
			children = (
				460D5BCA1F702B3C00245F27 /* Utility */,
				460D5BC91F702AFB00245F27 /* Swift Files */,
			);
			name = Menu;
			sourceTree = "<group>";
		};
		460D5BC91F702AFB00245F27 /* Swift Files */ = {
			isa = PBXGroup;
			children = (
				460D5BCD1F702B8F00245F27 /* MenuClass.swift */,
			);
			name = "Swift Files";
			sourceTree = "<group>";
		};
		460D5BCA1F702B3C00245F27 /* Utility */ = {
			isa = PBXGroup;
			children = (
				460D5BCB1F702B4600245F27 /* Menu.xcassets */,
			);
			name = Utility;
			sourceTree = "<group>";
		};
		460F7B8C1F83EDD50043B7E8 /* Controllers */ = {
			isa = PBXGroup;
			children = (
				46C7CCF51F86BF1E00C7961B /* Profile */,
				468785231F71946B0009C292 /* Promotions */,
				4687851E1F7194370009C292 /* TrouvezRestaurant */,
				468785191F7193F10009C292 /* Abonnement */,
				468785091F7185F30009C292 /* Historique */,
				468785141F71939E0009C292 /* Commandes */,
				46D25C8C1F69BDC10033A634 /* Dashboard */,
				460B12231F93F47000A79A62 /* Paiements */,
				4606448A1F573F8900BD08E5 /* Login-SignUp */,
				46047E641F93F8A80000246C /* Login_V2 */,
			);
			name = Controllers;
			sourceTree = "<group>";
		};
		460F7B8D1F83EDDF0043B7E8 /* Views */ = {
			isa = PBXGroup;
			children = (
				4639D7411F851C53008DAFF3 /* Loading */,
				46D25C911F69BE100033A634 /* Utility */,
				460D5BC81F702AEB00245F27 /* Menu */,
			);
			name = Views;
			sourceTree = "<group>";
		};
		460F7B8E1F83EDE60043B7E8 /* Models */ = {
			isa = PBXGroup;
			children = (
				46FDA4E11F8400FB00B6A07B /* TODO */,
				46FDA4DE1F83F67700B6A07B /* Good */,
			);
			name = Models;
			sourceTree = "<group>";
		};
		461232A01F782EB000D04E30 /* Breuvage */ = {
			isa = PBXGroup;
			children = (
				461232AA1F782F1A00D04E30 /* BrevageMain.swift */,
				466EE1F51F82668400014B68 /* ChooseBrevageSize.swift */,
				466EE1F71F8279C700014B68 /* DragAndDropBrevage.swift */,
			);
			name = Breuvage;
			sourceTree = "<group>";
		};
		461232A11F782EC400D04E30 /* Patisserie */ = {
			isa = PBXGroup;
			children = (
				461232A81F782F0D00D04E30 /* PatisserieMain.swift */,
				4664F1F31F79300F00908778 /* ChoosePatisserie.swift */,
			);
			name = Patisserie;
			sourceTree = "<group>";
		};
		461232A21F782EC900D04E30 /* Crêpe */ = {
			isa = PBXGroup;
			children = (
				467BC11C1F82E27500C300AF /* ChooseSizeCrepe.swift */,
				467BC1281F82E7EF00C300AF /* FlavourCrepe.swift */,
			);
			name = "Crêpe";
			sourceTree = "<group>";
		};
		461232A31F782ED000D04E30 /* Fondue */ = {
			isa = PBXGroup;
			children = (
				467BC11E1F82E2B200C300AF /* ChooseSizeFondue.swift */,
				467BC1201F82E4BD00C300AF /* FlavourFondue.swift */,
				467BC1241F82E4D700C300AF /* SubitemsFondue.swift */,
			);
			name = Fondue;
			sourceTree = "<group>";
		};
		461232AC1F782F1F00D04E30 /* Main UI */ = {
			isa = PBXGroup;
			children = (
				4687852C1F7195370009C292 /* CommandeMainPage.swift */,
			);
			name = "Main UI";
			sourceTree = "<group>";
		};
		461232AD1F7830EE00D04E30 /* ListeCommande */ = {
			isa = PBXGroup;
			children = (
				4694CE451F796B6900953D75 /* EndOrder.swift */,
				461232AE1F78310400D04E30 /* CartCommmande.swift */,
				46344BDD1F7BDC1500A85389 /* DoneCommandRed.swift */,
				46344BDF1F7BE18D00A85389 /* DoneCommandGreen.swift */,
				461A89951FB368480008AA5C /* Prices.swift */,
			);
			name = ListeCommande;
			sourceTree = "<group>";
		};
		462CF6DB1F604DD800326426 /* API Request Files */ = {
			isa = PBXGroup;
			children = (
				462CF6DC1F604E1500326426 /* APIRequestLogin.swift */,
			);
			name = "API Request Files";
			sourceTree = "<group>";
		};
		4639D7411F851C53008DAFF3 /* Loading */ = {
			isa = PBXGroup;
			children = (
				4639D7421F851C65008DAFF3 /* LoadingAnimation.swift */,
			);
			name = Loading;
			sourceTree = "<group>";
		};
		468785091F7185F30009C292 /* Historique */ = {
			isa = PBXGroup;
			children = (
				4687850C1F71864E0009C292 /* Utility */,
				4687850D1F71865F0009C292 /* Storyboard */,
				4687850B1F7186480009C292 /* API Request */,
				4687850A1F71863E0009C292 /* Swift Files */,
			);
			name = Historique;
			sourceTree = "<group>";
		};
		4687850A1F71863E0009C292 /* Swift Files */ = {
			isa = PBXGroup;
			children = (
				468785101F7186BA0009C292 /* HistoriqueList.swift */,
				468785421F71B90C0009C292 /* InfoHistory.swift */,
			);
			name = "Swift Files";
			sourceTree = "<group>";
		};
		4687850B1F7186480009C292 /* API Request */ = {
			isa = PBXGroup;
			children = (
				46DA4AA31FA001C100AE9DC4 /* APIRequestHistory.swift */,
			);
			name = "API Request";
			sourceTree = "<group>";
		};
		4687850C1F71864E0009C292 /* Utility */ = {
			isa = PBXGroup;
			children = (
				468785121F7186C70009C292 /* Historique.xcassets */,
			);
			name = Utility;
			sourceTree = "<group>";
		};
		4687850D1F71865F0009C292 /* Storyboard */ = {
			isa = PBXGroup;
			children = (
				4687850E1F7186740009C292 /* Historique.storyboard */,
			);
			name = Storyboard;
			sourceTree = "<group>";
		};
		468785141F71939E0009C292 /* Commandes */ = {
			isa = PBXGroup;
			children = (
				468785181F7193DD0009C292 /* Storyboard */,
				468785171F7193D80009C292 /* Utility */,
				468785151F7193C60009C292 /* Requests Files */,
				468785161F7193D10009C292 /* UI Files */,
			);
			name = Commandes;
			sourceTree = "<group>";
		};
		468785151F7193C60009C292 /* Requests Files */ = {
			isa = PBXGroup;
			children = (
				46FDA4DC1F83F21800B6A07B /* APIRequestCommande.swift */,
			);
			name = "Requests Files";
			sourceTree = "<group>";
		};
		468785161F7193D10009C292 /* UI Files */ = {
			isa = PBXGroup;
			children = (
				461232AC1F782F1F00D04E30 /* Main UI */,
				461232A31F782ED000D04E30 /* Fondue */,
				461232A21F782EC900D04E30 /* Crêpe */,
				461232A11F782EC400D04E30 /* Patisserie */,
				461232A01F782EB000D04E30 /* Breuvage */,
				461232AD1F7830EE00D04E30 /* ListeCommande */,
			);
			name = "UI Files";
			sourceTree = "<group>";
		};
		468785171F7193D80009C292 /* Utility */ = {
			isa = PBXGroup;
			children = (
				468785281F7195120009C292 /* CommandesAssets.xcassets */,
			);
			name = Utility;
			sourceTree = "<group>";
		};
		468785181F7193DD0009C292 /* Storyboard */ = {
			isa = PBXGroup;
			children = (
				4687852A1F71951E0009C292 /* Commande.storyboard */,
			);
			name = Storyboard;
			sourceTree = "<group>";
		};
		468785191F7193F10009C292 /* Abonnement */ = {
			isa = PBXGroup;
			children = (
				4687851A1F71940B0009C292 /* Utility */,
				4687851D1F71942A0009C292 /* Storyboard */,
				4687851B1F7194130009C292 /* UI Files */,
				4687851C1F7194200009C292 /* Request Files */,
			);
			name = Abonnement;
			sourceTree = "<group>";
		};
		4687851A1F71940B0009C292 /* Utility */ = {
			isa = PBXGroup;
			children = (
				4687852E1F71954B0009C292 /* AbonnementAssets.xcassets */,
			);
			name = Utility;
			sourceTree = "<group>";
		};
		4687851B1F7194130009C292 /* UI Files */ = {
			isa = PBXGroup;
			children = (
				464012661F75C62800E271B2 /* ListAbonnement.swift */,
				468785321F7195630009C292 /* AbonnementMainPage.swift */,
			);
			name = "UI Files";
			sourceTree = "<group>";
		};
		4687851C1F7194200009C292 /* Request Files */ = {
			isa = PBXGroup;
			children = (
				46ABFB501FBCDF6900482F0C /* APIRequestAbonnement.swift */,
			);
			name = "Request Files";
			sourceTree = "<group>";
		};
		4687851D1F71942A0009C292 /* Storyboard */ = {
			isa = PBXGroup;
			children = (
				468785301F7195520009C292 /* Abonnement.storyboard */,
			);
			name = Storyboard;
			sourceTree = "<group>";
		};
		4687851E1F7194370009C292 /* TrouvezRestaurant */ = {
			isa = PBXGroup;
			children = (
				468785221F7194630009C292 /* Utility */,
				468785211F7194580009C292 /* Storyboard */,
				4687851F1F7194490009C292 /* UI Files */,
				468785201F71944E0009C292 /* Request Files */,
			);
			name = TrouvezRestaurant;
			sourceTree = "<group>";
		};
		4687851F1F7194490009C292 /* UI Files */ = {
			isa = PBXGroup;
			children = (
				468785381F7195910009C292 /* TrouverRestoMainPage.swift */,
			);
			name = "UI Files";
			sourceTree = "<group>";
		};
		468785201F71944E0009C292 /* Request Files */ = {
			isa = PBXGroup;
			children = (
				464E98471FB9FB59008783A4 /* APIRequestMap.swift */,
			);
			name = "Request Files";
			sourceTree = "<group>";
		};
		468785211F7194580009C292 /* Storyboard */ = {
			isa = PBXGroup;
			children = (
				468785361F7195800009C292 /* TrouverRestau.storyboard */,
			);
			name = Storyboard;
			sourceTree = "<group>";
		};
		468785221F7194630009C292 /* Utility */ = {
			isa = PBXGroup;
			children = (
				468785341F7195760009C292 /* TrouverRestoAssets.xcassets */,
			);
			name = Utility;
			sourceTree = "<group>";
		};
		468785231F71946B0009C292 /* Promotions */ = {
			isa = PBXGroup;
			children = (
				468785271F7194850009C292 /* Utility */,
				468785261F7194800009C292 /* Storyboard */,
				468785251F7194770009C292 /* Request Files */,
				468785241F7194720009C292 /* UI Files */,
			);
			name = Promotions;
			sourceTree = "<group>";
		};
		468785241F7194720009C292 /* UI Files */ = {
			isa = PBXGroup;
			children = (
				4687853E1F7195BA0009C292 /* PromotionMainPage.swift */,
			);
			name = "UI Files";
			sourceTree = "<group>";
		};
		468785251F7194770009C292 /* Request Files */ = {
			isa = PBXGroup;
			children = (
				460207BB1FA0F24600446E7A /* APIRequestPromotion.swift */,
			);
			name = "Request Files";
			sourceTree = "<group>";
		};
		468785261F7194800009C292 /* Storyboard */ = {
			isa = PBXGroup;
			children = (
				4687853C1F7195AC0009C292 /* Promotions.storyboard */,
			);
			name = Storyboard;
			sourceTree = "<group>";
		};
		468785271F7194850009C292 /* Utility */ = {
			isa = PBXGroup;
			children = (
				4687853A1F7195A10009C292 /* PromotionsAssets.xcassets */,
			);
			name = Utility;
			sourceTree = "<group>";
		};
		468C71101F9D1BBD007141B3 /* Login Views Classes */ = {
			isa = PBXGroup;
			children = (
				468C710E1F9BE4B2007141B3 /* AnimationsLogin.swift */,
				468C71191F9E312F007141B3 /* FirstView.swift */,
				468C711B1F9E41C0007141B3 /* BackgroundView.swift */,
			);
			name = "Login Views Classes";
			sourceTree = "<group>";
		};
		46A8F77D1F5722700085181F = {
			isa = PBXGroup;
			children = (
				460B12211F91311100A79A62 /* style.json */,
				46D1DB8E1F60324E0008D3F7 /* Bridging-Header.h */,
				46D1DB871F5F52450008D3F7 /* Fonts */,
				46A8F7881F5722700085181F /* GeekCafe-iOS */,
				46A8F79D1F5722700085181F /* GeekCafe-iOSTests */,
				46A8F7A81F5722700085181F /* GeekCafe-iOSUITests */,
				46A8F7871F5722700085181F /* Products */,
				0B63DA113D10A839692D5884 /* Pods */,
				D56559EF11E624A126F43246 /* Frameworks */,
			);
			sourceTree = "<group>";
		};
		46A8F7871F5722700085181F /* Products */ = {
			isa = PBXGroup;
			children = (
				46A8F7861F5722700085181F /* GeekCafe-iOS.app */,
				46A8F79A1F5722700085181F /* GeekCafe-iOSTests.xctest */,
				46A8F7A51F5722700085181F /* GeekCafe-iOSUITests.xctest */,
			);
			name = Products;
			sourceTree = "<group>";
		};
		46A8F7881F5722700085181F /* GeekCafe-iOS */ = {
			isa = PBXGroup;
			children = (
				4687854C1F72D8A60009C292 /* GeekCafe-iOS.entitlements */,
				4606448B1F573F9800BD08E5 /* Main Files */,
				460F7B8E1F83EDE60043B7E8 /* Models */,
				460F7B8D1F83EDDF0043B7E8 /* Views */,
				460F7B8C1F83EDD50043B7E8 /* Controllers */,
			);
			path = "GeekCafe-iOS";
			sourceTree = "<group>";
		};
		46A8F79D1F5722700085181F /* GeekCafe-iOSTests */ = {
			isa = PBXGroup;
			children = (
				46A8F79E1F5722700085181F /* GeekCafe_iOSTests.swift */,
				46A8F7A01F5722700085181F /* Info.plist */,
			);
			path = "GeekCafe-iOSTests";
			sourceTree = "<group>";
		};
		46A8F7A81F5722700085181F /* GeekCafe-iOSUITests */ = {
			isa = PBXGroup;
			children = (
				46A8F7A91F5722700085181F /* GeekCafe_iOSUITests.swift */,
				46A8F7AB1F5722700085181F /* Info.plist */,
			);
			path = "GeekCafe-iOSUITests";
			sourceTree = "<group>";
		};
		46C7CCF51F86BF1E00C7961B /* Profile */ = {
			isa = PBXGroup;
			children = (
				46C7CCF71F86BF3700C7961B /* Utility */,
				46C7CCF91F86BF4700C7961B /* Storyboard */,
				46C7CCF81F86BF3D00C7961B /* APIRequest */,
				46C7CCF61F86BF2D00C7961B /* Controllers */,
			);
			name = Profile;
			sourceTree = "<group>";
		};
		46C7CCF61F86BF2D00C7961B /* Controllers */ = {
			isa = PBXGroup;
			children = (
				46C7CD001F86BFB200C7961B /* MainPageProfile.swift */,
				461D362B1FBCADBE004C2F54 /* ModifyProfile.swift */,
				461D362D1FBCB409004C2F54 /* RateMyApp.swift */,
				461D362F1FBCB413004C2F54 /* TermsAndCondition.swift */,
			);
			name = Controllers;
			sourceTree = "<group>";
		};
		46C7CCF71F86BF3700C7961B /* Utility */ = {
			isa = PBXGroup;
			children = (
				46C7CCFE1F86BFA300C7961B /* AssetsProfile.xcassets */,
			);
			name = Utility;
			sourceTree = "<group>";
		};
		46C7CCF81F86BF3D00C7961B /* APIRequest */ = {
			isa = PBXGroup;
			children = (
				46C7CCFC1F86BF9600C7961B /* APIRequestProfile.swift */,
			);
			name = APIRequest;
			sourceTree = "<group>";
		};
		46C7CCF91F86BF4700C7961B /* Storyboard */ = {
			isa = PBXGroup;
			children = (
				46C7CCFA1F86BF5800C7961B /* Profile.storyboard */,
			);
			name = Storyboard;
			sourceTree = "<group>";
		};
		46D1DB871F5F52450008D3F7 /* Fonts */ = {
			isa = PBXGroup;
			children = (
				46D1DB631F5F52340008D3F7 /* Lato-Black.ttf */,
				46D1DB641F5F52340008D3F7 /* Lato-BlackItalic.ttf */,
				46D1DB651F5F52340008D3F7 /* Lato-Bold.ttf */,
				46D1DB661F5F52340008D3F7 /* Lato-BoldItalic.ttf */,
				46D1DB671F5F52340008D3F7 /* Lato-Hairline.ttf */,
				46D1DB681F5F52340008D3F7 /* Lato-HairlineItalic.ttf */,
				46D1DB691F5F52340008D3F7 /* Lato-Heavy.ttf */,
				46D1DB6A1F5F52340008D3F7 /* Lato-HeavyItalic.ttf */,
				46D1DB6B1F5F52340008D3F7 /* Lato-Italic.ttf */,
				46D1DB6C1F5F52340008D3F7 /* Lato-Light.ttf */,
				46D1DB6D1F5F52340008D3F7 /* Lato-LightItalic.ttf */,
				46D1DB6E1F5F52340008D3F7 /* Lato-Medium.ttf */,
				46D1DB6F1F5F52340008D3F7 /* Lato-MediumItalic.ttf */,
				46D1DB701F5F52340008D3F7 /* Lato-Regular.ttf */,
				46D1DB711F5F52340008D3F7 /* Lato-Semibold.ttf */,
				46D1DB721F5F52340008D3F7 /* Lato-SemiboldItalic.ttf */,
				46D1DB731F5F52340008D3F7 /* Lato-Thin.ttf */,
				46D1DB741F5F52340008D3F7 /* Lato-ThinItalic.ttf */,
			);
			name = Fonts;
			sourceTree = "<group>";
		};
		46D25C8C1F69BDC10033A634 /* Dashboard */ = {
			isa = PBXGroup;
			children = (
				46D25C8D1F69BDE00033A634 /* Utility */,
				46D25C8E1F69BDE70033A634 /* Storyboard */,
				46D25C8F1F69BDF00033A634 /* UI Swift Files */,
				46D25C901F69BE000033A634 /* API Request Files */,
			);
			name = Dashboard;
			sourceTree = "<group>";
		};
		46D25C8D1F69BDE00033A634 /* Utility */ = {
			isa = PBXGroup;
			children = (
				46D25C961F69CC540033A634 /* DashBoardNavController.swift */,
				46206D8D1F6AE92300D2BE60 /* Dashboard.xcassets */,
			);
			name = Utility;
			sourceTree = "<group>";
		};
		46D25C8E1F69BDE70033A634 /* Storyboard */ = {
			isa = PBXGroup;
			children = (
				46D25C941F69CB110033A634 /* Dashboard.storyboard */,
			);
			name = Storyboard;
			sourceTree = "<group>";
		};
		46D25C8F1F69BDF00033A634 /* UI Swift Files */ = {
			isa = PBXGroup;
			children = (
				46D25C981F69CC610033A634 /* Dashboard.swift */,
			);
			name = "UI Swift Files";
			sourceTree = "<group>";
		};
		46D25C901F69BE000033A634 /* API Request Files */ = {
			isa = PBXGroup;
			children = (
			);
			name = "API Request Files";
			sourceTree = "<group>";
		};
		46D25C911F69BE100033A634 /* Utility */ = {
			isa = PBXGroup;
			children = (
				462CF6F11F60546C00326426 /* Global.swift */,
				460644951F57410D00BD08E5 /* Utility.swift */,
				46A8F7901F5722700085181F /* Assets.xcassets */,
				468C710C1F9BC53E007141B3 /* CustomTextfield.swift */,
				460207C11FA1010300446E7A /* loadingIndicator.swift */,
				460F02821FC9FBF3007EFF93 /* GradialColors.swift */,
			);
			name = Utility;
			sourceTree = "<group>";
		};
		46D25C921F69BE1F0033A634 /* StoryBoard */ = {
			isa = PBXGroup;
			children = (
				46A8F7921F5722700085181F /* LaunchScreen.storyboard */,
				46A8F78D1F5722700085181F /* Main.storyboard */,
			);
			name = StoryBoard;
			sourceTree = "<group>";
		};
		46D25C931F69BE2E0033A634 /* InfoPlist_AppDelegate */ = {
			isa = PBXGroup;
			children = (
				46A8F7891F5722700085181F /* AppDelegate.swift */,
				46A8F7951F5722700085181F /* Info.plist */,
			);
			name = InfoPlist_AppDelegate;
			sourceTree = "<group>";
		};
		46FDA4DE1F83F67700B6A07B /* Good */ = {
			isa = PBXGroup;
			children = (
				4689B8041FC4F9210046F211 /* HistoryPagination.swift */,
				468785401F71A6F30009C292 /* HistoryList.swift */,
				468785441F71CF5C0009C292 /* Promotion.swift */,
				462CF6EF1F60514B00326426 /* User.swift */,
				460F7B8F1F83EE530043B7E8 /* userCard.swift */,
				46FDA4DA1F83F06A00B6A07B /* ItemType.swift */,
				468785461F72AEEE0009C292 /* Item.swift */,
				46FDA4DF1F84008E00B6A07B /* Subitem.swift */,
				46FDA4E21F84016D00B6A07B /* PriceItem.swift */,
				46FDA4E41F84062500B6A07B /* ItemList.swift */,
				46DA4AA51FA0255600AE9DC4 /* HistoryItemsInfo.swift */,
				460B121D1F912D1600A79A62 /* Commande.swift */,
				464E98491FB9FB7F008783A4 /* Branch.swift */,
			);
			name = Good;
			sourceTree = "<group>";
		};
		46FDA4E11F8400FB00B6A07B /* TODO */ = {
			isa = PBXGroup;
			children = (
				464012681F76E37D00E271B2 /* Abonnement.swift */,
			);
			name = TODO;
			sourceTree = "<group>";
		};
		D56559EF11E624A126F43246 /* Frameworks */ = {
			isa = PBXGroup;
			children = (
				D2D0ABDD82E2A5DA408EE72F /* Pods_GeekCafe_iOS.framework */,
			);
			name = Frameworks;
			sourceTree = "<group>";
		};
/* End PBXGroup section */

/* Begin PBXNativeTarget section */
		46A8F7851F5722700085181F /* GeekCafe-iOS */ = {
			isa = PBXNativeTarget;
			buildConfigurationList = 46A8F7AE1F5722700085181F /* Build configuration list for PBXNativeTarget "GeekCafe-iOS" */;
			buildPhases = (
				78C84EDB440A524F2488B3C9 /* [CP] Check Pods Manifest.lock */,
				46A8F7821F5722700085181F /* Sources */,
				46A8F7831F5722700085181F /* Frameworks */,
				46A8F7841F5722700085181F /* Resources */,
				4B373CB48A1DAEDE3463CDA9 /* [CP] Embed Pods Frameworks */,
				B7F8D351AFEFF290CC235A97 /* [CP] Copy Pods Resources */,
			);
			buildRules = (
			);
			dependencies = (
			);
			name = "GeekCafe-iOS";
			productName = "GeekCafe-iOS";
			productReference = 46A8F7861F5722700085181F /* GeekCafe-iOS.app */;
			productType = "com.apple.product-type.application";
		};
		46A8F7991F5722700085181F /* GeekCafe-iOSTests */ = {
			isa = PBXNativeTarget;
			buildConfigurationList = 46A8F7B11F5722700085181F /* Build configuration list for PBXNativeTarget "GeekCafe-iOSTests" */;
			buildPhases = (
				46A8F7961F5722700085181F /* Sources */,
				46A8F7971F5722700085181F /* Frameworks */,
				46A8F7981F5722700085181F /* Resources */,
			);
			buildRules = (
			);
			dependencies = (
				46A8F79C1F5722700085181F /* PBXTargetDependency */,
			);
			name = "GeekCafe-iOSTests";
			productName = "GeekCafe-iOSTests";
			productReference = 46A8F79A1F5722700085181F /* GeekCafe-iOSTests.xctest */;
			productType = "com.apple.product-type.bundle.unit-test";
		};
		46A8F7A41F5722700085181F /* GeekCafe-iOSUITests */ = {
			isa = PBXNativeTarget;
			buildConfigurationList = 46A8F7B41F5722700085181F /* Build configuration list for PBXNativeTarget "GeekCafe-iOSUITests" */;
			buildPhases = (
				46A8F7A11F5722700085181F /* Sources */,
				46A8F7A21F5722700085181F /* Frameworks */,
				46A8F7A31F5722700085181F /* Resources */,
			);
			buildRules = (
			);
			dependencies = (
				46A8F7A71F5722700085181F /* PBXTargetDependency */,
			);
			name = "GeekCafe-iOSUITests";
			productName = "GeekCafe-iOSUITests";
			productReference = 46A8F7A51F5722700085181F /* GeekCafe-iOSUITests.xctest */;
			productType = "com.apple.product-type.bundle.ui-testing";
		};
/* End PBXNativeTarget section */

/* Begin PBXProject section */
		46A8F77E1F5722700085181F /* Project object */ = {
			isa = PBXProject;
			attributes = {
				LastSwiftUpdateCheck = 0830;
				LastUpgradeCheck = 0910;
				ORGANIZATIONNAME = "Guillaume Jette";
				TargetAttributes = {
					46A8F7851F5722700085181F = {
						CreatedOnToolsVersion = 8.3.3;
						DevelopmentTeam = 6WYLQZ268S;
						LastSwiftMigration = 0910;
						ProvisioningStyle = Automatic;
						SystemCapabilities = {
							com.apple.Keychain = {
								enabled = 1;
							};
							com.apple.Push = {
								enabled = 1;
							};
						};
					};
					46A8F7991F5722700085181F = {
						CreatedOnToolsVersion = 8.3.3;
						DevelopmentTeam = 6WYLQZ268S;
						LastSwiftMigration = 0910;
						ProvisioningStyle = Automatic;
						TestTargetID = 46A8F7851F5722700085181F;
					};
					46A8F7A41F5722700085181F = {
						CreatedOnToolsVersion = 8.3.3;
						DevelopmentTeam = 6WYLQZ268S;
						LastSwiftMigration = 0910;
						ProvisioningStyle = Automatic;
						TestTargetID = 46A8F7851F5722700085181F;
					};
				};
			};
			buildConfigurationList = 46A8F7811F5722700085181F /* Build configuration list for PBXProject "GeekCafe-iOS" */;
			compatibilityVersion = "Xcode 3.2";
			developmentRegion = English;
			hasScannedForEncodings = 0;
			knownRegions = (
				en,
				Base,
			);
			mainGroup = 46A8F77D1F5722700085181F;
			productRefGroup = 46A8F7871F5722700085181F /* Products */;
			projectDirPath = "";
			projectRoot = "";
			targets = (
				46A8F7851F5722700085181F /* GeekCafe-iOS */,
				46A8F7991F5722700085181F /* GeekCafe-iOSTests */,
				46A8F7A41F5722700085181F /* GeekCafe-iOSUITests */,
			);
		};
/* End PBXProject section */

/* Begin PBXResourcesBuildPhase section */
		46A8F7841F5722700085181F /* Resources */ = {
			isa = PBXResourcesBuildPhase;
			buildActionMask = 2147483647;
			files = (
				4687852F1F71954B0009C292 /* AbonnementAssets.xcassets in Resources */,
				46D1DB7E1F5F52340008D3F7 /* Lato-Light.ttf in Resources */,
				46D1DB7B1F5F52340008D3F7 /* Lato-Heavy.ttf in Resources */,
				460B12221F91311100A79A62 /* style.json in Resources */,
				46206D8E1F6AE92300D2BE60 /* Dashboard.xcassets in Resources */,
				468785371F7195800009C292 /* TrouverRestau.storyboard in Resources */,
				46A8F7941F5722700085181F /* LaunchScreen.storyboard in Resources */,
				46D1DB821F5F52340008D3F7 /* Lato-Regular.ttf in Resources */,
				46A8F7911F5722700085181F /* Assets.xcassets in Resources */,
				46D1DB831F5F52340008D3F7 /* Lato-Semibold.ttf in Resources */,
				46D1DB761F5F52340008D3F7 /* Lato-BlackItalic.ttf in Resources */,
				460207C01FA0FD3E00446E7A /* AssetPaiment.xcassets in Resources */,
				4687853D1F7195AC0009C292 /* Promotions.storyboard in Resources */,
				46D1DB781F5F52340008D3F7 /* Lato-BoldItalic.ttf in Resources */,
				46C7CCFF1F86BFA300C7961B /* AssetsProfile.xcassets in Resources */,
				460644981F57412300BD08E5 /* ImageLogin-SignUp.xcassets in Resources */,
				460644911F57407000BD08E5 /* Login-SignUp.storyboard in Resources */,
				46047E6E1F93FB6A0000246C /* AssetLoginV2.xcassets in Resources */,
				46D1DB7C1F5F52340008D3F7 /* Lato-HeavyItalic.ttf in Resources */,
				468785291F7195120009C292 /* CommandesAssets.xcassets in Resources */,
				46D1DB811F5F52340008D3F7 /* Lato-MediumItalic.ttf in Resources */,
				460D5BCC1F702B4600245F27 /* Menu.xcassets in Resources */,
				46D1DB7D1F5F52340008D3F7 /* Lato-Italic.ttf in Resources */,
				468785131F7186C70009C292 /* Historique.xcassets in Resources */,
				46D1DB7A1F5F52340008D3F7 /* Lato-HairlineItalic.ttf in Resources */,
				468785311F7195520009C292 /* Abonnement.storyboard in Resources */,
				46D1DB7F1F5F52340008D3F7 /* Lato-LightItalic.ttf in Resources */,
				46D1DB851F5F52340008D3F7 /* Lato-Thin.ttf in Resources */,
				46047E6A1F93F9040000246C /* LoginV2.storyboard in Resources */,
				46D25C951F69CB110033A634 /* Dashboard.storyboard in Resources */,
				46D1DB801F5F52340008D3F7 /* Lato-Medium.ttf in Resources */,
				46D1DB861F5F52340008D3F7 /* Lato-ThinItalic.ttf in Resources */,
				46D1DB791F5F52340008D3F7 /* Lato-Hairline.ttf in Resources */,
				46D1DB751F5F52340008D3F7 /* Lato-Black.ttf in Resources */,
				46C7CCFB1F86BF5800C7961B /* Profile.storyboard in Resources */,
				468785351F7195760009C292 /* TrouverRestoAssets.xcassets in Resources */,
				46A8F78F1F5722700085181F /* Main.storyboard in Resources */,
				46D1DB771F5F52340008D3F7 /* Lato-Bold.ttf in Resources */,
				4687850F1F7186740009C292 /* Historique.storyboard in Resources */,
				4687852B1F71951E0009C292 /* Commande.storyboard in Resources */,
				4687853B1F7195A10009C292 /* PromotionsAssets.xcassets in Resources */,
				46D1DB841F5F52340008D3F7 /* Lato-SemiboldItalic.ttf in Resources */,
				460B12291F93F4DC00A79A62 /* Credits.storyboard in Resources */,
			);
			runOnlyForDeploymentPostprocessing = 0;
		};
		46A8F7981F5722700085181F /* Resources */ = {
			isa = PBXResourcesBuildPhase;
			buildActionMask = 2147483647;
			files = (
			);
			runOnlyForDeploymentPostprocessing = 0;
		};
		46A8F7A31F5722700085181F /* Resources */ = {
			isa = PBXResourcesBuildPhase;
			buildActionMask = 2147483647;
			files = (
			);
			runOnlyForDeploymentPostprocessing = 0;
		};
/* End PBXResourcesBuildPhase section */

/* Begin PBXShellScriptBuildPhase section */
		4B373CB48A1DAEDE3463CDA9 /* [CP] Embed Pods Frameworks */ = {
			isa = PBXShellScriptBuildPhase;
			buildActionMask = 2147483647;
			files = (
			);
			inputPaths = (
			);
			name = "[CP] Embed Pods Frameworks";
			outputPaths = (
			);
			runOnlyForDeploymentPostprocessing = 0;
			shellPath = /bin/sh;
			shellScript = "\"${SRCROOT}/Pods/Target Support Files/Pods-GeekCafe-iOS/Pods-GeekCafe-iOS-frameworks.sh\"\n";
			showEnvVarsInLog = 0;
		};
		78C84EDB440A524F2488B3C9 /* [CP] Check Pods Manifest.lock */ = {
			isa = PBXShellScriptBuildPhase;
			buildActionMask = 2147483647;
			files = (
			);
			inputPaths = (
			);
			name = "[CP] Check Pods Manifest.lock";
			outputPaths = (
			);
			runOnlyForDeploymentPostprocessing = 0;
			shellPath = /bin/sh;
			shellScript = "diff \"${PODS_PODFILE_DIR_PATH}/Podfile.lock\" \"${PODS_ROOT}/Manifest.lock\" > /dev/null\nif [ $? != 0 ] ; then\n    # print error to STDERR\n    echo \"error: The sandbox is not in sync with the Podfile.lock. Run 'pod install' or update your CocoaPods installation.\" >&2\n    exit 1\nfi\n";
			showEnvVarsInLog = 0;
		};
		B7F8D351AFEFF290CC235A97 /* [CP] Copy Pods Resources */ = {
			isa = PBXShellScriptBuildPhase;
			buildActionMask = 2147483647;
			files = (
			);
			inputPaths = (
			);
			name = "[CP] Copy Pods Resources";
			outputPaths = (
			);
			runOnlyForDeploymentPostprocessing = 0;
			shellPath = /bin/sh;
			shellScript = "\"${SRCROOT}/Pods/Target Support Files/Pods-GeekCafe-iOS/Pods-GeekCafe-iOS-resources.sh\"\n";
			showEnvVarsInLog = 0;
		};
/* End PBXShellScriptBuildPhase section */

/* Begin PBXSourcesBuildPhase section */
		46A8F7821F5722700085181F /* Sources */ = {
			isa = PBXSourcesBuildPhase;
			buildActionMask = 2147483647;
			files = (
				468785331F7195630009C292 /* AbonnementMainPage.swift in Sources */,
				464012691F76E37D00E271B2 /* Abonnement.swift in Sources */,
				468785471F72AEEE0009C292 /* Item.swift in Sources */,
				460F7B901F83EE530043B7E8 /* userCard.swift in Sources */,
				46FDA4E51F84062500B6A07B /* ItemList.swift in Sources */,
				468C711C1F9E41C0007141B3 /* BackgroundView.swift in Sources */,
				46D25C971F69CC540033A634 /* DashBoardNavController.swift in Sources */,
				468C710F1F9BE4B2007141B3 /* AnimationsLogin.swift in Sources */,
				466EE1F61F82668400014B68 /* ChooseBrevageSize.swift in Sources */,
				462CF6DD1F604E1500326426 /* APIRequestLogin.swift in Sources */,
				463FF4F91F5F318700706DF1 /* UtilityLogin.swift in Sources */,
				46D1DB891F5F56550008D3F7 /* SignUp3.swift in Sources */,
				462CF6F01F60514B00326426 /* User.swift in Sources */,
				461A89961FB368480008AA5C /* Prices.swift in Sources */,
				461D36301FBCB413004C2F54 /* TermsAndCondition.swift in Sources */,
				467BC1211F82E4BD00C300AF /* FlavourFondue.swift in Sources */,
				46DA4AA61FA0255600AE9DC4 /* HistoryItemsInfo.swift in Sources */,
				468785411F71A6F30009C292 /* HistoryList.swift in Sources */,
				468785111F7186BA0009C292 /* HistoriqueList.swift in Sources */,
				462CF6F21F60546C00326426 /* Global.swift in Sources */,
				468C710D1F9BC53E007141B3 /* CustomTextfield.swift in Sources */,
				468C711A1F9E312F007141B3 /* FirstView.swift in Sources */,
				46DA4AA41FA001C100AE9DC4 /* APIRequestHistory.swift in Sources */,
				46047E6C1F93F98E0000246C /* MainPageLoginV2.swift in Sources */,
				463D04F91FC5DCEC009DB9CB /* ChooseCardLoginV2.swift in Sources */,
				461232AB1F782F1A00D04E30 /* BrevageMain.swift in Sources */,
				463D04F71FC5CFB1009DB9CB /* SignUpV2_2.swift in Sources */,
				46344BE01F7BE18D00A85389 /* DoneCommandGreen.swift in Sources */,
				463FF4FB1F5F404200706DF1 /* SignUp2.swift in Sources */,
				460F02831FC9FBF3007EFF93 /* GradialColors.swift in Sources */,
				46FDA4DB1F83F06A00B6A07B /* ItemType.swift in Sources */,
				460D5BCE1F702B8F00245F27 /* MenuClass.swift in Sources */,
				464012671F75C62800E271B2 /* ListAbonnement.swift in Sources */,
				460B121E1F912D1600A79A62 /* Commande.swift in Sources */,
				467BC1291F82E7EF00C300AF /* FlavourCrepe.swift in Sources */,
				4689B8051FC4F9210046F211 /* HistoryPagination.swift in Sources */,
				460B122B1F93F51100A79A62 /* MainPagePaiement.swift in Sources */,
				46D25C991F69CC610033A634 /* Dashboard.swift in Sources */,
				463D04FB1FC5DCFB009DB9CB /* ConfirmCardLoginV2.swift in Sources */,
				460644C21F579A6500BD08E5 /* navController.swift in Sources */,
				46C7CD011F86BFB200C7961B /* MainPageProfile.swift in Sources */,
				461232A91F782F0D00D04E30 /* PatisserieMain.swift in Sources */,
				46D1DB8D1F5F8C2F0008D3F7 /* SignUp4.swift in Sources */,
				468785431F71B90C0009C292 /* InfoHistory.swift in Sources */,
				460207C21FA1010300446E7A /* loadingIndicator.swift in Sources */,
				4687853F1F7195BA0009C292 /* PromotionMainPage.swift in Sources */,
				46ABFB511FBCDF6900482F0C /* APIRequestAbonnement.swift in Sources */,
				467BC11F1F82E2B200C300AF /* ChooseSizeFondue.swift in Sources */,
				46FDA4E31F84016D00B6A07B /* PriceItem.swift in Sources */,
				46C7CCFD1F86BF9600C7961B /* APIRequestProfile.swift in Sources */,
				4664F1F41F79300F00908778 /* ChoosePatisserie.swift in Sources */,
				46344BDE1F7BDC1500A85389 /* DoneCommandRed.swift in Sources */,
				464E98481FB9FB59008783A4 /* APIRequestMap.swift in Sources */,
				4606448F1F573FE800BD08E5 /* LoginViewController.swift in Sources */,
				4694CE461F796B6900953D75 /* EndOrder.swift in Sources */,
				468785451F71CF5C0009C292 /* Promotion.swift in Sources */,
				464E984A1FB9FB7F008783A4 /* Branch.swift in Sources */,
				46A8F78A1F5722700085181F /* AppDelegate.swift in Sources */,
				46FDA4E01F84008E00B6A07B /* Subitem.swift in Sources */,
				461232AF1F78310400D04E30 /* CartCommmande.swift in Sources */,
				461D362E1FBCB409004C2F54 /* RateMyApp.swift in Sources */,
				460644961F57410D00BD08E5 /* Utility.swift in Sources */,
				466EE1F81F8279C700014B68 /* DragAndDropBrevage.swift in Sources */,
				46D1DB8B1F5F8C240008D3F7 /* SignUp5.swift in Sources */,
				467BC1251F82E4D700C300AF /* SubitemsFondue.swift in Sources */,
				460644C01F57801700BD08E5 /* SignUp1.swift in Sources */,
				460207BE1FA0F45000446E7A /* APIRequestPaiement.swift in Sources */,
				467BC11D1F82E27500C300AF /* ChooseSizeCrepe.swift in Sources */,
				463D04F51FC5CB44009DB9CB /* SignUpV2_1.swift in Sources */,
				460207BC1FA0F24600446E7A /* APIRequestPromotion.swift in Sources */,
				461D362C1FBCADBE004C2F54 /* ModifyProfile.swift in Sources */,
				4639D7431F851C65008DAFF3 /* LoadingAnimation.swift in Sources */,
				46FDA4DD1F83F21800B6A07B /* APIRequestCommande.swift in Sources */,
				4687852D1F7195370009C292 /* CommandeMainPage.swift in Sources */,
				468785391F7195910009C292 /* TrouverRestoMainPage.swift in Sources */,
			);
			runOnlyForDeploymentPostprocessing = 0;
		};
		46A8F7961F5722700085181F /* Sources */ = {
			isa = PBXSourcesBuildPhase;
			buildActionMask = 2147483647;
			files = (
				46A8F79F1F5722700085181F /* GeekCafe_iOSTests.swift in Sources */,
			);
			runOnlyForDeploymentPostprocessing = 0;
		};
		46A8F7A11F5722700085181F /* Sources */ = {
			isa = PBXSourcesBuildPhase;
			buildActionMask = 2147483647;
			files = (
				46A8F7AA1F5722700085181F /* GeekCafe_iOSUITests.swift in Sources */,
			);
			runOnlyForDeploymentPostprocessing = 0;
		};
/* End PBXSourcesBuildPhase section */

/* Begin PBXTargetDependency section */
		46A8F79C1F5722700085181F /* PBXTargetDependency */ = {
			isa = PBXTargetDependency;
			target = 46A8F7851F5722700085181F /* GeekCafe-iOS */;
			targetProxy = 46A8F79B1F5722700085181F /* PBXContainerItemProxy */;
		};
		46A8F7A71F5722700085181F /* PBXTargetDependency */ = {
			isa = PBXTargetDependency;
			target = 46A8F7851F5722700085181F /* GeekCafe-iOS */;
			targetProxy = 46A8F7A61F5722700085181F /* PBXContainerItemProxy */;
		};
/* End PBXTargetDependency section */

/* Begin PBXVariantGroup section */
		46A8F78D1F5722700085181F /* Main.storyboard */ = {
			isa = PBXVariantGroup;
			children = (
				46A8F78E1F5722700085181F /* Base */,
			);
			name = Main.storyboard;
			sourceTree = "<group>";
		};
		46A8F7921F5722700085181F /* LaunchScreen.storyboard */ = {
			isa = PBXVariantGroup;
			children = (
				46A8F7931F5722700085181F /* Base */,
			);
			name = LaunchScreen.storyboard;
			sourceTree = "<group>";
		};
/* End PBXVariantGroup section */

/* Begin XCBuildConfiguration section */
		46A8F7AC1F5722700085181F /* Debug */ = {
			isa = XCBuildConfiguration;
			buildSettings = {
				ALWAYS_SEARCH_USER_PATHS = NO;
				CLANG_ANALYZER_NONNULL = YES;
				CLANG_ANALYZER_NUMBER_OBJECT_CONVERSION = YES_AGGRESSIVE;
				CLANG_CXX_LANGUAGE_STANDARD = "gnu++0x";
				CLANG_CXX_LIBRARY = "libc++";
				CLANG_ENABLE_MODULES = YES;
				CLANG_ENABLE_OBJC_ARC = YES;
				CLANG_WARN_BLOCK_CAPTURE_AUTORELEASING = YES;
				CLANG_WARN_BOOL_CONVERSION = YES;
				CLANG_WARN_COMMA = YES;
				CLANG_WARN_CONSTANT_CONVERSION = YES;
				CLANG_WARN_DIRECT_OBJC_ISA_USAGE = YES_ERROR;
				CLANG_WARN_DOCUMENTATION_COMMENTS = YES;
				CLANG_WARN_EMPTY_BODY = YES;
				CLANG_WARN_ENUM_CONVERSION = YES;
				CLANG_WARN_INFINITE_RECURSION = YES;
				CLANG_WARN_INT_CONVERSION = YES;
				CLANG_WARN_NON_LITERAL_NULL_CONVERSION = YES;
				CLANG_WARN_OBJC_LITERAL_CONVERSION = YES;
				CLANG_WARN_OBJC_ROOT_CLASS = YES_ERROR;
				CLANG_WARN_RANGE_LOOP_ANALYSIS = YES;
				CLANG_WARN_STRICT_PROTOTYPES = YES;
				CLANG_WARN_SUSPICIOUS_MOVE = YES;
				CLANG_WARN_UNREACHABLE_CODE = YES;
				CLANG_WARN__DUPLICATE_METHOD_MATCH = YES;
				"CODE_SIGN_IDENTITY[sdk=iphoneos*]" = "iPhone Developer";
				COPY_PHASE_STRIP = NO;
				DEBUG_INFORMATION_FORMAT = dwarf;
				ENABLE_STRICT_OBJC_MSGSEND = YES;
				ENABLE_TESTABILITY = YES;
				GCC_C_LANGUAGE_STANDARD = gnu99;
				GCC_DYNAMIC_NO_PIC = NO;
				GCC_NO_COMMON_BLOCKS = YES;
				GCC_OPTIMIZATION_LEVEL = 0;
				GCC_PREPROCESSOR_DEFINITIONS = (
					"DEBUG=1",
					"$(inherited)",
				);
				GCC_WARN_64_TO_32_BIT_CONVERSION = YES;
				GCC_WARN_ABOUT_RETURN_TYPE = YES_ERROR;
				GCC_WARN_UNDECLARED_SELECTOR = YES;
				GCC_WARN_UNINITIALIZED_AUTOS = YES_AGGRESSIVE;
				GCC_WARN_UNUSED_FUNCTION = YES;
				GCC_WARN_UNUSED_VARIABLE = YES;
				IPHONEOS_DEPLOYMENT_TARGET = 11.0;
				MTL_ENABLE_DEBUG_INFO = YES;
				ONLY_ACTIVE_ARCH = YES;
				SDKROOT = iphoneos;
				SWIFT_ACTIVE_COMPILATION_CONDITIONS = DEBUG;
				SWIFT_OPTIMIZATION_LEVEL = "-Onone";
				TARGETED_DEVICE_FAMILY = "1,2";
			};
			name = Debug;
		};
		46A8F7AD1F5722700085181F /* Release */ = {
			isa = XCBuildConfiguration;
			buildSettings = {
				ALWAYS_SEARCH_USER_PATHS = NO;
				CLANG_ANALYZER_NONNULL = YES;
				CLANG_ANALYZER_NUMBER_OBJECT_CONVERSION = YES_AGGRESSIVE;
				CLANG_CXX_LANGUAGE_STANDARD = "gnu++0x";
				CLANG_CXX_LIBRARY = "libc++";
				CLANG_ENABLE_MODULES = YES;
				CLANG_ENABLE_OBJC_ARC = YES;
				CLANG_WARN_BLOCK_CAPTURE_AUTORELEASING = YES;
				CLANG_WARN_BOOL_CONVERSION = YES;
				CLANG_WARN_COMMA = YES;
				CLANG_WARN_CONSTANT_CONVERSION = YES;
				CLANG_WARN_DIRECT_OBJC_ISA_USAGE = YES_ERROR;
				CLANG_WARN_DOCUMENTATION_COMMENTS = YES;
				CLANG_WARN_EMPTY_BODY = YES;
				CLANG_WARN_ENUM_CONVERSION = YES;
				CLANG_WARN_INFINITE_RECURSION = YES;
				CLANG_WARN_INT_CONVERSION = YES;
				CLANG_WARN_NON_LITERAL_NULL_CONVERSION = YES;
				CLANG_WARN_OBJC_LITERAL_CONVERSION = YES;
				CLANG_WARN_OBJC_ROOT_CLASS = YES_ERROR;
				CLANG_WARN_RANGE_LOOP_ANALYSIS = YES;
				CLANG_WARN_STRICT_PROTOTYPES = YES;
				CLANG_WARN_SUSPICIOUS_MOVE = YES;
				CLANG_WARN_UNREACHABLE_CODE = YES;
				CLANG_WARN__DUPLICATE_METHOD_MATCH = YES;
				"CODE_SIGN_IDENTITY[sdk=iphoneos*]" = "iPhone Developer";
				COPY_PHASE_STRIP = NO;
				DEBUG_INFORMATION_FORMAT = "dwarf-with-dsym";
				ENABLE_NS_ASSERTIONS = NO;
				ENABLE_STRICT_OBJC_MSGSEND = YES;
				GCC_C_LANGUAGE_STANDARD = gnu99;
				GCC_NO_COMMON_BLOCKS = YES;
				GCC_WARN_64_TO_32_BIT_CONVERSION = YES;
				GCC_WARN_ABOUT_RETURN_TYPE = YES_ERROR;
				GCC_WARN_UNDECLARED_SELECTOR = YES;
				GCC_WARN_UNINITIALIZED_AUTOS = YES_AGGRESSIVE;
				GCC_WARN_UNUSED_FUNCTION = YES;
				GCC_WARN_UNUSED_VARIABLE = YES;
				IPHONEOS_DEPLOYMENT_TARGET = 11.0;
				MTL_ENABLE_DEBUG_INFO = NO;
				SDKROOT = iphoneos;
				SWIFT_OPTIMIZATION_LEVEL = "-Owholemodule";
				TARGETED_DEVICE_FAMILY = "1,2";
				VALIDATE_PRODUCT = YES;
			};
			name = Release;
		};
		46A8F7AF1F5722700085181F /* Debug */ = {
			isa = XCBuildConfiguration;
			baseConfigurationReference = AEC664A6B8B1D2AB96919BE5 /* Pods-GeekCafe-iOS.debug.xcconfig */;
			buildSettings = {
				ASSETCATALOG_COMPILER_APPICON_NAME = AppIcon;
				CODE_SIGN_ENTITLEMENTS = "GeekCafe-iOS/GeekCafe-iOS.entitlements";
				DEVELOPMENT_TEAM = 6WYLQZ268S;
				INFOPLIST_FILE = "GeekCafe-iOS/Info.plist";
				IPHONEOS_DEPLOYMENT_TARGET = 11.0;
				LD_RUNPATH_SEARCH_PATHS = "$(inherited) @executable_path/Frameworks";
				PRODUCT_BUNDLE_IDENTIFIER = "Guijet.GeekCafe-iOS";
				PRODUCT_NAME = "$(TARGET_NAME)";
				SWIFT_OBJC_BRIDGING_HEADER = "Bridging-Header.h";
				SWIFT_SWIFT3_OBJC_INFERENCE = Default;
				SWIFT_VERSION = 4.0;
			};
			name = Debug;
		};
		46A8F7B01F5722700085181F /* Release */ = {
			isa = XCBuildConfiguration;
			baseConfigurationReference = 2213CA028F8C9D9BA52EE119 /* Pods-GeekCafe-iOS.release.xcconfig */;
			buildSettings = {
				ASSETCATALOG_COMPILER_APPICON_NAME = AppIcon;
				CODE_SIGN_ENTITLEMENTS = "GeekCafe-iOS/GeekCafe-iOS.entitlements";
				DEVELOPMENT_TEAM = 6WYLQZ268S;
				INFOPLIST_FILE = "GeekCafe-iOS/Info.plist";
				IPHONEOS_DEPLOYMENT_TARGET = 11.0;
				LD_RUNPATH_SEARCH_PATHS = "$(inherited) @executable_path/Frameworks";
				PRODUCT_BUNDLE_IDENTIFIER = "Guijet.GeekCafe-iOS";
				PRODUCT_NAME = "$(TARGET_NAME)";
				SWIFT_OBJC_BRIDGING_HEADER = "Bridging-Header.h";
				SWIFT_SWIFT3_OBJC_INFERENCE = Default;
				SWIFT_VERSION = 4.0;
			};
			name = Release;
		};
		46A8F7B21F5722700085181F /* Debug */ = {
			isa = XCBuildConfiguration;
			buildSettings = {
				ALWAYS_EMBED_SWIFT_STANDARD_LIBRARIES = YES;
				BUNDLE_LOADER = "$(TEST_HOST)";
				DEVELOPMENT_TEAM = 6WYLQZ268S;
				INFOPLIST_FILE = "GeekCafe-iOSTests/Info.plist";
				LD_RUNPATH_SEARCH_PATHS = "$(inherited) @executable_path/Frameworks @loader_path/Frameworks";
				PRODUCT_BUNDLE_IDENTIFIER = "Guijet.GeekCafe-iOSTests";
				PRODUCT_NAME = "$(TARGET_NAME)";
				SWIFT_SWIFT3_OBJC_INFERENCE = Default;
				SWIFT_VERSION = 4.0;
				TEST_HOST = "$(BUILT_PRODUCTS_DIR)/GeekCafe-iOS.app/GeekCafe-iOS";
			};
			name = Debug;
		};
		46A8F7B31F5722700085181F /* Release */ = {
			isa = XCBuildConfiguration;
			buildSettings = {
				ALWAYS_EMBED_SWIFT_STANDARD_LIBRARIES = YES;
				BUNDLE_LOADER = "$(TEST_HOST)";
				DEVELOPMENT_TEAM = 6WYLQZ268S;
				INFOPLIST_FILE = "GeekCafe-iOSTests/Info.plist";
				LD_RUNPATH_SEARCH_PATHS = "$(inherited) @executable_path/Frameworks @loader_path/Frameworks";
				PRODUCT_BUNDLE_IDENTIFIER = "Guijet.GeekCafe-iOSTests";
				PRODUCT_NAME = "$(TARGET_NAME)";
				SWIFT_SWIFT3_OBJC_INFERENCE = Default;
				SWIFT_VERSION = 4.0;
				TEST_HOST = "$(BUILT_PRODUCTS_DIR)/GeekCafe-iOS.app/GeekCafe-iOS";
			};
			name = Release;
		};
		46A8F7B51F5722700085181F /* Debug */ = {
			isa = XCBuildConfiguration;
			buildSettings = {
				ALWAYS_EMBED_SWIFT_STANDARD_LIBRARIES = YES;
				DEVELOPMENT_TEAM = 6WYLQZ268S;
				INFOPLIST_FILE = "GeekCafe-iOSUITests/Info.plist";
				LD_RUNPATH_SEARCH_PATHS = "$(inherited) @executable_path/Frameworks @loader_path/Frameworks";
				PRODUCT_BUNDLE_IDENTIFIER = "Guijet.GeekCafe-iOSUITests";
				PRODUCT_NAME = "$(TARGET_NAME)";
				SWIFT_SWIFT3_OBJC_INFERENCE = Default;
				SWIFT_VERSION = 4.0;
				TEST_TARGET_NAME = "GeekCafe-iOS";
			};
			name = Debug;
		};
		46A8F7B61F5722700085181F /* Release */ = {
			isa = XCBuildConfiguration;
			buildSettings = {
				ALWAYS_EMBED_SWIFT_STANDARD_LIBRARIES = YES;
				DEVELOPMENT_TEAM = 6WYLQZ268S;
				INFOPLIST_FILE = "GeekCafe-iOSUITests/Info.plist";
				LD_RUNPATH_SEARCH_PATHS = "$(inherited) @executable_path/Frameworks @loader_path/Frameworks";
				PRODUCT_BUNDLE_IDENTIFIER = "Guijet.GeekCafe-iOSUITests";
				PRODUCT_NAME = "$(TARGET_NAME)";
				SWIFT_SWIFT3_OBJC_INFERENCE = Default;
				SWIFT_VERSION = 4.0;
				TEST_TARGET_NAME = "GeekCafe-iOS";
			};
			name = Release;
		};
/* End XCBuildConfiguration section */

/* Begin XCConfigurationList section */
		46A8F7811F5722700085181F /* Build configuration list for PBXProject "GeekCafe-iOS" */ = {
			isa = XCConfigurationList;
			buildConfigurations = (
				46A8F7AC1F5722700085181F /* Debug */,
				46A8F7AD1F5722700085181F /* Release */,
			);
			defaultConfigurationIsVisible = 0;
			defaultConfigurationName = Release;
		};
		46A8F7AE1F5722700085181F /* Build configuration list for PBXNativeTarget "GeekCafe-iOS" */ = {
			isa = XCConfigurationList;
			buildConfigurations = (
				46A8F7AF1F5722700085181F /* Debug */,
				46A8F7B01F5722700085181F /* Release */,
			);
			defaultConfigurationIsVisible = 0;
			defaultConfigurationName = Release;
		};
		46A8F7B11F5722700085181F /* Build configuration list for PBXNativeTarget "GeekCafe-iOSTests" */ = {
			isa = XCConfigurationList;
			buildConfigurations = (
				46A8F7B21F5722700085181F /* Debug */,
				46A8F7B31F5722700085181F /* Release */,
			);
			defaultConfigurationIsVisible = 0;
			defaultConfigurationName = Release;
		};
		46A8F7B41F5722700085181F /* Build configuration list for PBXNativeTarget "GeekCafe-iOSUITests" */ = {
			isa = XCConfigurationList;
			buildConfigurations = (
				46A8F7B51F5722700085181F /* Debug */,
				46A8F7B61F5722700085181F /* Release */,
			);
			defaultConfigurationIsVisible = 0;
			defaultConfigurationName = Release;
		};
/* End XCConfigurationList section */
	};
	rootObject = 46A8F77E1F5722700085181F /* Project object */;
}
